
Microsoft Visual Studio Solution File, Format Version 12.00
# Visual Studio Version 17
VisualStudioVersion = 17.7.34031.279
MinimumVisualStudioVersion = 10.0.40219.1
Project("{8BC9CEB8-8B4A-11D0-8D11-00A0C91BC942}") = "Bai001", "Bai001\Bai001.vcxproj", "{80F947BC-B22F-4B0D-8023-DDB782FC2BCB}"
EndProject
Project("{8BC9CEB8-8B4A-11D0-8D11-00A0C91BC942}") = "Bai121", "..\UIT_23521819_STRUCT\Bai121\Bai121.vcxproj", "{4BC91F46-271D-4681-8BB8-478F1CA81A61}"
EndProject
Project("{8BC9CEB8-8B4A-11D0-8D11-00A0C91BC942}") = "Bai122", "..\UIT_23521819_STRUCT\Bai122\Bai122.vcxproj", "{A76DC075-8B33-415E-9C6B-06E511820AB3}"
EndProject
Project("{8BC9CEB8-8B4A-11D0-8D11-00A0C91BC942}") = "Bai123", "..\UIT_23521819_STRUCT\Bai123\Bai123.vcxproj", "{D4095A8E-4DC4-47A3-A81A-4BCB661F06ED}"
EndProject
Project("{8BC9CEB8-8B4A-11D0-8D11-00A0C91BC942}") = "Bai124", "..\UIT_23521819_STRUCT\Bai124\Bai124.vcxproj", "{7EC61F15-2D2A-458D-AC44-17AB4BCAD93F}"
EndProject
Project("{8BC9CEB8-8B4A-11D0-8D11-00A0C91BC942}") = "Bai125", "..\UIT_23521819_STRUCT\Bai125\Bai125.vcxproj", "{5F0DF13D-A017-4567-AD56-7553BCFBBD7D}"
EndProject
Project("{8BC9CEB8-8B4A-11D0-8D11-00A0C91BC942}") = "Bai126", "..\UIT_23521819_STRUCT\Bai126\Bai126.vcxproj", "{8DC7CCE6-5CCF-4D1E-ACB9-E70B509C201D}"
EndProject
Project("{8BC9CEB8-8B4A-11D0-8D11-00A0C91BC942}") = "Bai127", "..\UIT_23521819_STRUCT\Bai127\Bai127.vcxproj", "{03EE57CB-28D8-4AD0-BFA6-EFFEBBABFFF5}"
EndProject
Project("{8BC9CEB8-8B4A-11D0-8D11-00A0C91BC942}") = "Bai128", "..\UIT_23521819_STRUCT\Bai128\Bai128.vcxproj", "{1408A56B-AC7C-41E2-8411-58D88FEC6963}"
EndProject
Project("{8BC9CEB8-8B4A-11D0-8D11-00A0C91BC942}") = "Bai129", "..\UIT_23521819_STRUCT\Bai129\Bai129.vcxproj", "{56CA92CB-1E3F-4998-94A7-FCDE5115B2BF}"
EndProject
Project("{8BC9CEB8-8B4A-11D0-8D11-00A0C91BC942}") = "Bai130", "..\UIT_23521819_STRUCT\Bai130\Bai130.vcxproj", "{D3CCA2F3-802A-4779-9304-7922316F982C}"
EndProject
Project("{8BC9CEB8-8B4A-11D0-8D11-00A0C91BC942}") = "Bai131", "..\UIT_23521819_STRUCT\Bai131\Bai131.vcxproj", "{F7B8D18F-2D37-4F70-ABC9-AD48E7F54272}"
EndProject
Project("{8BC9CEB8-8B4A-11D0-8D11-00A0C91BC942}") = "Bai132", "..\UIT_23521819_STRUCT\Bai132\Bai132.vcxproj", "{C1A4045F-CE38-47B7-85C4-C67AD9147510}"
EndProject
Project("{8BC9CEB8-8B4A-11D0-8D11-00A0C91BC942}") = "Bai133", "..\UIT_23521819_STRUCT\Bai133\Bai133.vcxproj", "{DFAC9F64-BFD0-4562-A582-0DCC34E96D79}"
EndProject
Project("{8BC9CEB8-8B4A-11D0-8D11-00A0C91BC942}") = "Bai134", "..\UIT_23521819_STRUCT\Bai134\Bai134.vcxproj", "{5A8FECB1-CA18-4FA3-AE38-C0D2C8CF312E}"
EndProject
Project("{8BC9CEB8-8B4A-11D0-8D11-00A0C91BC942}") = "Bai135", "..\UIT_23521819_STRUCT\Bai135\Bai135.vcxproj", "{53B42C9E-394A-4D08-B202-010361427EDB}"
EndProject
Project("{8BC9CEB8-8B4A-11D0-8D11-00A0C91BC942}") = "Bai136", "..\UIT_23521819_STRUCT\Bai136\Bai136.vcxproj", "{7111F19B-3D19-477E-A051-5A4767E647CB}"
EndProject
Project("{8BC9CEB8-8B4A-11D0-8D11-00A0C91BC942}") = "Bai137", "..\UIT_23521819_STRUCT\Bai137\Bai137.vcxproj", "{743C3C6C-FD99-47B9-9200-B149335201E1}"
EndProject
Project("{8BC9CEB8-8B4A-11D0-8D11-00A0C91BC942}") = "Bai138", "..\UIT_23521819_STRUCT\Bai138\Bai138.vcxproj", "{EE882F07-15CE-4D35-9150-0D6BF118DBB6}"
EndProject
Project("{8BC9CEB8-8B4A-11D0-8D11-00A0C91BC942}") = "Bai139", "..\UIT_23521819_STRUCT\Bai139\Bai139.vcxproj", "{A0DFFC7A-1388-4F02-A495-6652DECAF42F}"
EndProject
Project("{8BC9CEB8-8B4A-11D0-8D11-00A0C91BC942}") = "Bai140", "..\UIT_23521819_STRUCT\Bai140\Bai140.vcxproj", "{0BF29F1A-F92D-45E0-999D-3799A4D1A6AD}"
EndProject
Project("{8BC9CEB8-8B4A-11D0-8D11-00A0C91BC942}") = "Bai141", "..\UIT_23521819_STRUCT\Bai141\Bai141.vcxproj", "{CA5C97E0-10A0-4B85-AD35-63C244FE7D0C}"
EndProject
Project("{8BC9CEB8-8B4A-11D0-8D11-00A0C91BC942}") = "Bai142", "..\UIT_23521819_STRUCT\Bai142\Bai142.vcxproj", "{0A646BF8-F51D-401E-B3BF-CB2D44292987}"
EndProject
Project("{8BC9CEB8-8B4A-11D0-8D11-00A0C91BC942}") = "Bai143", "..\UIT_23521819_STRUCT\Bai143\Bai143.vcxproj", "{D7A5229B-2A22-43E0-AED5-BD0EF2883ADE}"
EndProject
Project("{8BC9CEB8-8B4A-11D0-8D11-00A0C91BC942}") = "Bai144", "..\UIT_23521819_STRUCT\Bai144\Bai144.vcxproj", "{D79A69BB-2BB2-4D22-9962-7034A5117DA6}"
EndProject
Project("{8BC9CEB8-8B4A-11D0-8D11-00A0C91BC942}") = "Bai145", "..\UIT_23521819_STRUCT\Bai145\Bai145.vcxproj", "{38B752E1-E7D0-443E-AC0D-07D28EC84E82}"
EndProject
Project("{8BC9CEB8-8B4A-11D0-8D11-00A0C91BC942}") = "Bai146", "..\UIT_23521819_STRUCT\Bai146\Bai146.vcxproj", "{8C95841B-3F99-436D-9E9D-54E0D937C2D0}"
EndProject
Project("{8BC9CEB8-8B4A-11D0-8D11-00A0C91BC942}") = "Bai147", "..\UIT_23521819_STRUCT\Bai147\Bai147.vcxproj", "{70F92472-9019-4F84-87EB-B0AABBD381CE}"
EndProject
Project("{8BC9CEB8-8B4A-11D0-8D11-00A0C91BC942}") = "Bai148", "..\UIT_23521819_STRUCT\Bai148\Bai148.vcxproj", "{CADC34B0-2BCC-4020-975F-33D84C25E2E7}"
EndProject
Project("{8BC9CEB8-8B4A-11D0-8D11-00A0C91BC942}") = "Bai149", "..\UIT_23521819_STRUCT\Bai149\Bai149.vcxproj", "{A720B6F9-0881-4C06-B43C-1E5C21E2AB0A}"
EndProject
Project("{8BC9CEB8-8B4A-11D0-8D11-00A0C91BC942}") = "Bai150", "..\UIT_23521819_STRUCT\Bai150\Bai150.vcxproj", "{2B5CBA7F-8D0A-469C-8FE5-F30E0BD2CEB5}"
EndProject
Project("{8BC9CEB8-8B4A-11D0-8D11-00A0C91BC942}") = "Bai151", "..\UIT_23521819_STRUCT\Bai151\Bai151.vcxproj", "{DDC0BF34-973D-4CF9-BBB7-8D4C7917EFA3}"
EndProject
Project("{8BC9CEB8-8B4A-11D0-8D11-00A0C91BC942}") = "Bai152", "..\UIT_23521819_STRUCT\Bai152\Bai152.vcxproj", "{D87FA761-0075-4F65-A6A3-282498A8BCA9}"
EndProject
Project("{8BC9CEB8-8B4A-11D0-8D11-00A0C91BC942}") = "Bai153", "..\UIT_23521819_STRUCT\Bai153\Bai153.vcxproj", "{069F2BD4-6C0F-4286-8E38-37F054F78550}"
EndProject
Project("{8BC9CEB8-8B4A-11D0-8D11-00A0C91BC942}") = "Bai154", "..\UIT_23521819_STRUCT\Bai154\Bai154.vcxproj", "{B20AB332-A3F3-4CDC-84BD-9E5D8249EB70}"
EndProject
Project("{8BC9CEB8-8B4A-11D0-8D11-00A0C91BC942}") = "Bai155", "..\UIT_23521819_STRUCT\Bai155\Bai155.vcxproj", "{BB56FA57-6978-4072-8D66-1F6DD4295BA1}"
EndProject
Project("{8BC9CEB8-8B4A-11D0-8D11-00A0C91BC942}") = "Bai157", "..\UIT_23521819_STRUCT\Bai157\Bai157.vcxproj", "{42A2956D-2130-402A-B203-289EC3F70DEE}"
EndProject
Project("{8BC9CEB8-8B4A-11D0-8D11-00A0C91BC942}") = "Bai158", "..\UIT_23521819_STRUCT\Bai158\Bai158.vcxproj", "{194E8448-8ECF-4849-A7C0-AB4318B709E8}"
EndProject
Project("{8BC9CEB8-8B4A-11D0-8D11-00A0C91BC942}") = "Bai159", "..\UIT_23521819_STRUCT\Bai159\Bai159.vcxproj", "{72CC1676-C00B-40AF-B048-01493CAC8139}"
EndProject
Project("{8BC9CEB8-8B4A-11D0-8D11-00A0C91BC942}") = "Bai160", "..\UIT_23521819_STRUCT\Bai160\Bai160.vcxproj", "{AA925948-29D3-4CAA-873B-D85581120F82}"
EndProject
Project("{8BC9CEB8-8B4A-11D0-8D11-00A0C91BC942}") = "Bai156", "..\UIT_23521819_STRUCT\Bai156\Bai156.vcxproj", "{11A428A8-29F9-45FB-BDBC-514D6739EB4E}"
EndProject
Project("{8BC9CEB8-8B4A-11D0-8D11-00A0C91BC942}") = "Bai081", "Bai081\Bai081.vcxproj", "{A4F9F2D0-D268-433B-B190-78EEBE95EB60}"
EndProject
Project("{8BC9CEB8-8B4A-11D0-8D11-00A0C91BC942}") = "Bai082", "Bai082\Bai082.vcxproj", "{B4EC2E15-0B09-422A-97E9-2D0762FDF48E}"
EndProject
Project("{8BC9CEB8-8B4A-11D0-8D11-00A0C91BC942}") = "Bai083", "Bai083\Bai083.vcxproj", "{AE20A609-2009-4718-9522-F07F92C98AC9}"
EndProject
Project("{8BC9CEB8-8B4A-11D0-8D11-00A0C91BC942}") = "Bai084", "Bai084\Bai084.vcxproj", "{74FD484B-E8A9-4A34-9699-AF150FF5BEA0}"
EndProject
Project("{8BC9CEB8-8B4A-11D0-8D11-00A0C91BC942}") = "Bai085", "Bai085\Bai085.vcxproj", "{15D2C5FC-B0E0-43C8-80E5-14476470F863}"
EndProject
Project("{8BC9CEB8-8B4A-11D0-8D11-00A0C91BC942}") = "Bai086", "Bai086\Bai086.vcxproj", "{FB4F2D9B-367F-4E40-BAAC-F281B45F8BCE}"
EndProject
Project("{8BC9CEB8-8B4A-11D0-8D11-00A0C91BC942}") = "Bai087", "Bai087\Bai087.vcxproj", "{82813CEE-9677-41F5-9B2D-FA431062E089}"
EndProject
Project("{8BC9CEB8-8B4A-11D0-8D11-00A0C91BC942}") = "Bai088", "Bai088\Bai088.vcxproj", "{40796991-871B-43A1-9DA4-C7E76D68FC99}"
EndProject
Project("{8BC9CEB8-8B4A-11D0-8D11-00A0C91BC942}") = "Bai089", "Bai089\Bai089.vcxproj", "{9E14EC50-1E19-4A9F-9191-D08F5EB8B530}"
EndProject
Project("{8BC9CEB8-8B4A-11D0-8D11-00A0C91BC942}") = "Bai090", "Bai090\Bai090.vcxproj", "{3D834C99-97A9-4AD0-BE2F-E6D025CA0B50}"
EndProject
Project("{8BC9CEB8-8B4A-11D0-8D11-00A0C91BC942}") = "Bai091", "Bai091\Bai091.vcxproj", "{CE954E41-48B5-42FD-B27F-4E2D2CBF94D0}"
EndProject
Project("{8BC9CEB8-8B4A-11D0-8D11-00A0C91BC942}") = "Bai092", "Bai092\Bai092.vcxproj", "{612BA763-7A56-479F-A751-6EBFC96AD9EB}"
EndProject
Project("{8BC9CEB8-8B4A-11D0-8D11-00A0C91BC942}") = "Bai093", "Bai093\Bai093.vcxproj", "{95E87B91-2F33-4B8E-B0DE-F3D084E84C00}"
EndProject
Project("{8BC9CEB8-8B4A-11D0-8D11-00A0C91BC942}") = "Bai094", "Bai094\Bai094.vcxproj", "{2DA60A25-FA5D-4FF4-9436-83B10469249D}"
EndProject
Project("{8BC9CEB8-8B4A-11D0-8D11-00A0C91BC942}") = "Bai095", "Bai095\Bai095.vcxproj", "{D8EE40D9-11CC-48FC-84AB-451BA1B36247}"
EndProject
Project("{8BC9CEB8-8B4A-11D0-8D11-00A0C91BC942}") = "Bai096", "Bai096\Bai096.vcxproj", "{1D79D15B-3035-4434-93DC-6178DE9893D3}"
EndProject
Project("{8BC9CEB8-8B4A-11D0-8D11-00A0C91BC942}") = "Bai097", "Bai097\Bai097.vcxproj", "{BE70CA8C-7132-4F34-97FA-DD8987E86EB3}"
EndProject
Project("{8BC9CEB8-8B4A-11D0-8D11-00A0C91BC942}") = "Bai098", "Bai098\Bai098.vcxproj", "{15152193-F4CF-4254-B48D-F96DCA39E227}"
EndProject
Project("{8BC9CEB8-8B4A-11D0-8D11-00A0C91BC942}") = "Bai099", "Bai099\Bai099.vcxproj", "{2980A3B5-290C-4824-9E80-33EFCC54EBD0}"
EndProject
Project("{8BC9CEB8-8B4A-11D0-8D11-00A0C91BC942}") = "Bai100", "Bai100\Bai100.vcxproj", "{F8437ABF-D3EA-4F94-BC50-BF261B820989}"
EndProject
Project("{8BC9CEB8-8B4A-11D0-8D11-00A0C91BC942}") = "Bai101", "Bai101\Bai101.vcxproj", "{D1AA6104-7FEE-48B6-AA48-EA2025413364}"
EndProject
Project("{8BC9CEB8-8B4A-11D0-8D11-00A0C91BC942}") = "Bai102", "Bai102\Bai102.vcxproj", "{30235001-75B4-4326-A85E-029530420DDC}"
EndProject
Project("{8BC9CEB8-8B4A-11D0-8D11-00A0C91BC942}") = "Bai103", "Bai103\Bai103.vcxproj", "{31C15CA9-BF89-487E-8363-2BF11B59C96C}"
EndProject
Project("{8BC9CEB8-8B4A-11D0-8D11-00A0C91BC942}") = "Bai104", "Bai104\Bai104.vcxproj", "{3991F863-19F8-4996-9E6C-B836C55EC6BD}"
EndProject
Project("{8BC9CEB8-8B4A-11D0-8D11-00A0C91BC942}") = "Bai105", "Bai105\Bai105.vcxproj", "{8C6DAC04-F87C-4CE5-BD44-D8F9E4178BF8}"
EndProject
Project("{8BC9CEB8-8B4A-11D0-8D11-00A0C91BC942}") = "Bai106", "Bai106\Bai106.vcxproj", "{72796167-386F-4146-91D6-AA313FEDFE9B}"
EndProject
Project("{8BC9CEB8-8B4A-11D0-8D11-00A0C91BC942}") = "Bai107", "Bai107\Bai107.vcxproj", "{DA33C9B7-791C-43D1-BE36-EBB917E59ECE}"
EndProject
Project("{8BC9CEB8-8B4A-11D0-8D11-00A0C91BC942}") = "Bai108", "Bai108\Bai108.vcxproj", "{4CB6F123-C62B-487F-8BCA-E9260233EC84}"
EndProject
Project("{8BC9CEB8-8B4A-11D0-8D11-00A0C91BC942}") = "Bai109", "Bai109\Bai109.vcxproj", "{7D828887-F405-487E-A20C-E46790C25BA2}"
EndProject
Project("{8BC9CEB8-8B4A-11D0-8D11-00A0C91BC942}") = "Bai110", "Bai110\Bai110.vcxproj", "{A6F97737-F67B-4B72-B4A5-42DBBC464866}"
EndProject
Project("{8BC9CEB8-8B4A-11D0-8D11-00A0C91BC942}") = "Bai111", "Bai111\Bai111.vcxproj", "{EF6DF5B2-70B8-485A-83D9-22F9FD84F03B}"
EndProject
Project("{8BC9CEB8-8B4A-11D0-8D11-00A0C91BC942}") = "Bai112", "Bai112\Bai112.vcxproj", "{4A67FE7A-D0C8-4B3C-9300-C3CB90E98321}"
EndProject
Project("{8BC9CEB8-8B4A-11D0-8D11-00A0C91BC942}") = "Bai113", "Bai113\Bai113.vcxproj", "{86BD8DC9-AC49-482B-B927-7A7849AACD67}"
EndProject
Project("{8BC9CEB8-8B4A-11D0-8D11-00A0C91BC942}") = "Bai114", "Bai114\Bai114.vcxproj", "{0C89A290-5DAD-4149-A3C8-4AE02405E00A}"
EndProject
Project("{8BC9CEB8-8B4A-11D0-8D11-00A0C91BC942}") = "Bai115", "Bai115\Bai115.vcxproj", "{97FB929F-394A-4C84-A309-E48334958636}"
EndProject
Project("{8BC9CEB8-8B4A-11D0-8D11-00A0C91BC942}") = "Bai116", "Bai116\Bai116.vcxproj", "{F576C71B-61B0-4010-B008-B02604615F54}"
EndProject
Project("{8BC9CEB8-8B4A-11D0-8D11-00A0C91BC942}") = "Bai117", "Bai117\Bai117.vcxproj", "{BCD59FBC-A875-4550-B28A-B2D08B33AB60}"
EndProject
Project("{8BC9CEB8-8B4A-11D0-8D11-00A0C91BC942}") = "Bai118", "Bai118\Bai118.vcxproj", "{97147B6B-A9B5-4242-B5D8-402569BD033B}"
EndProject
Project("{8BC9CEB8-8B4A-11D0-8D11-00A0C91BC942}") = "Bai119", "Bai119\Bai119.vcxproj", "{4849F030-B3EA-4C73-A842-889DBEA58C6C}"
EndProject
Project("{8BC9CEB8-8B4A-11D0-8D11-00A0C91BC942}") = "Bai120", "Bai120\Bai120.vcxproj", "{F8D106D8-0172-4527-9B5F-636D58592B82}"
EndProject
Project("{8BC9CEB8-8B4A-11D0-8D11-00A0C91BC942}") = "Bai002", "Bai002\Bai002.vcxproj", "{5E3BE71A-60CE-4560-A7C0-0BE446DD85EE}"
EndProject
Project("{8BC9CEB8-8B4A-11D0-8D11-00A0C91BC942}") = "Bai003", "Bai003\Bai003.vcxproj", "{9BCC2416-07F8-499F-87A7-B1ABBEFE313B}"
EndProject
Project("{8BC9CEB8-8B4A-11D0-8D11-00A0C91BC942}") = "Bai004", "Bai004\Bai004.vcxproj", "{F23AAF7E-EC74-4DC7-AC4B-867DFA40A9BC}"
EndProject
Project("{8BC9CEB8-8B4A-11D0-8D11-00A0C91BC942}") = "Bai005", "Bai005\Bai005.vcxproj", "{A5FC0827-ADE9-4E0D-AA17-EF8EB8BB9E97}"
EndProject
Project("{8BC9CEB8-8B4A-11D0-8D11-00A0C91BC942}") = "Bai006", "Bai006\Bai006.vcxproj", "{C82038F9-E68D-42F8-B828-31CCA40883F1}"
EndProject
Project("{8BC9CEB8-8B4A-11D0-8D11-00A0C91BC942}") = "Bai007", "Bai007\Bai007.vcxproj", "{B4FA008E-B7BE-44F0-A3F1-540E7821E145}"
EndProject
Project("{8BC9CEB8-8B4A-11D0-8D11-00A0C91BC942}") = "Bai008", "Bai008\Bai008.vcxproj", "{49C2B6DC-AF5B-447F-AE3E-7142A2F12343}"
EndProject
Project("{8BC9CEB8-8B4A-11D0-8D11-00A0C91BC942}") = "Bai009", "Bai009\Bai009.vcxproj", "{2FB1BED9-C832-43CF-BF38-1460F4EBE2A5}"
EndProject
Project("{8BC9CEB8-8B4A-11D0-8D11-00A0C91BC942}") = "Bai010", "Bai010\Bai010.vcxproj", "{1B22A3D8-1E66-497D-8397-120C05D1B4B3}"
EndProject
Project("{8BC9CEB8-8B4A-11D0-8D11-00A0C91BC942}") = "Bai011", "Bai011\Bai011.vcxproj", "{D150FC5C-ABF2-456F-AB40-4E27D16EBDFD}"
EndProject
Project("{8BC9CEB8-8B4A-11D0-8D11-00A0C91BC942}") = "Bai012", "Bai012\Bai012.vcxproj", "{1B709072-C914-4F9E-A216-834A6BC6F27F}"
EndProject
Project("{8BC9CEB8-8B4A-11D0-8D11-00A0C91BC942}") = "Bai013", "Bai013\Bai013.vcxproj", "{FE3DA03C-611B-4870-BD6A-71E2EAF9D942}"
EndProject
Project("{8BC9CEB8-8B4A-11D0-8D11-00A0C91BC942}") = "Bai014", "Bai014\Bai014.vcxproj", "{318FA5A7-1169-4552-AB97-C9AA327C7A6A}"
EndProject
Project("{8BC9CEB8-8B4A-11D0-8D11-00A0C91BC942}") = "Bai015", "Bai015\Bai015.vcxproj", "{6ADC2EF4-9739-44C4-A12D-B92943BB3EFF}"
EndProject
Project("{8BC9CEB8-8B4A-11D0-8D11-00A0C91BC942}") = "Bai016", "Bai016\Bai016.vcxproj", "{3A8A3FCB-F81E-426F-A8A6-74E55980D7B6}"
EndProject
Project("{8BC9CEB8-8B4A-11D0-8D11-00A0C91BC942}") = "Bai017", "Bai017\Bai017.vcxproj", "{70F22224-2191-4728-AD33-71571EEC53BA}"
EndProject
Project("{8BC9CEB8-8B4A-11D0-8D11-00A0C91BC942}") = "Bai018", "Bai018\Bai018.vcxproj", "{2DFFBD4B-03E3-479E-8217-706304F54059}"
EndProject
Project("{8BC9CEB8-8B4A-11D0-8D11-00A0C91BC942}") = "Bai019", "Bai019\Bai019.vcxproj", "{CD4FDDA3-4CF4-45D9-8E36-1B6266B2A986}"
EndProject
Project("{8BC9CEB8-8B4A-11D0-8D11-00A0C91BC942}") = "Bai020", "Bai020\Bai020.vcxproj", "{50F2B64B-3ABB-44A2-AD4A-ECC488D38714}"
EndProject
Project("{8BC9CEB8-8B4A-11D0-8D11-00A0C91BC942}") = "Bai021", "Bai021\Bai021.vcxproj", "{CC58FB8C-3F1D-472C-9379-1E20EE8AD94E}"
EndProject
Project("{8BC9CEB8-8B4A-11D0-8D11-00A0C91BC942}") = "Bai022", "Bai022\Bai022.vcxproj", "{19C61067-7706-40E1-8086-6A87F5E6D638}"
EndProject
Project("{8BC9CEB8-8B4A-11D0-8D11-00A0C91BC942}") = "Bai023", "Bai023\Bai023.vcxproj", "{13C4C847-7187-4E58-8119-75B96764A64E}"
EndProject
Project("{8BC9CEB8-8B4A-11D0-8D11-00A0C91BC942}") = "Bai024", "Bai024\Bai024.vcxproj", "{DD4F5F07-7CBC-41EE-B330-0BAE37C95579}"
EndProject
Project("{8BC9CEB8-8B4A-11D0-8D11-00A0C91BC942}") = "Bai025", "Bai025\Bai025.vcxproj", "{58686F34-3F6B-44ED-9327-F89A583C2FE0}"
EndProject
Project("{8BC9CEB8-8B4A-11D0-8D11-00A0C91BC942}") = "Bai026", "Bai026\Bai026.vcxproj", "{14A54BBB-9561-48AF-9890-3291C8C2040E}"
EndProject
Project("{8BC9CEB8-8B4A-11D0-8D11-00A0C91BC942}") = "Bai027", "Bai027\Bai027.vcxproj", "{394C0A8C-62FF-4434-8189-BC4E441121A7}"
EndProject
Global
	GlobalSection(SolutionConfigurationPlatforms) = preSolution
		Debug|x64 = Debug|x64
		Debug|x86 = Debug|x86
		Release|x64 = Release|x64
		Release|x86 = Release|x86
	EndGlobalSection
	GlobalSection(ProjectConfigurationPlatforms) = postSolution
		{80F947BC-B22F-4B0D-8023-DDB782FC2BCB}.Debug|x64.ActiveCfg = Debug|x64
		{80F947BC-B22F-4B0D-8023-DDB782FC2BCB}.Debug|x64.Build.0 = Debug|x64
		{80F947BC-B22F-4B0D-8023-DDB782FC2BCB}.Debug|x86.ActiveCfg = Debug|Win32
		{80F947BC-B22F-4B0D-8023-DDB782FC2BCB}.Debug|x86.Build.0 = Debug|Win32
		{80F947BC-B22F-4B0D-8023-DDB782FC2BCB}.Release|x64.ActiveCfg = Release|x64
		{80F947BC-B22F-4B0D-8023-DDB782FC2BCB}.Release|x64.Build.0 = Release|x64
		{80F947BC-B22F-4B0D-8023-DDB782FC2BCB}.Release|x86.ActiveCfg = Release|Win32
		{80F947BC-B22F-4B0D-8023-DDB782FC2BCB}.Release|x86.Build.0 = Release|Win32
		{4BC91F46-271D-4681-8BB8-478F1CA81A61}.Debug|x64.ActiveCfg = Debug|x64
		{4BC91F46-271D-4681-8BB8-478F1CA81A61}.Debug|x64.Build.0 = Debug|x64
		{4BC91F46-271D-4681-8BB8-478F1CA81A61}.Debug|x86.ActiveCfg = Debug|Win32
		{4BC91F46-271D-4681-8BB8-478F1CA81A61}.Debug|x86.Build.0 = Debug|Win32
		{4BC91F46-271D-4681-8BB8-478F1CA81A61}.Release|x64.ActiveCfg = Release|x64
		{4BC91F46-271D-4681-8BB8-478F1CA81A61}.Release|x64.Build.0 = Release|x64
		{4BC91F46-271D-4681-8BB8-478F1CA81A61}.Release|x86.ActiveCfg = Release|Win32
		{4BC91F46-271D-4681-8BB8-478F1CA81A61}.Release|x86.Build.0 = Release|Win32
		{A76DC075-8B33-415E-9C6B-06E511820AB3}.Debug|x64.ActiveCfg = Debug|x64
		{A76DC075-8B33-415E-9C6B-06E511820AB3}.Debug|x64.Build.0 = Debug|x64
		{A76DC075-8B33-415E-9C6B-06E511820AB3}.Debug|x86.ActiveCfg = Debug|Win32
		{A76DC075-8B33-415E-9C6B-06E511820AB3}.Debug|x86.Build.0 = Debug|Win32
		{A76DC075-8B33-415E-9C6B-06E511820AB3}.Release|x64.ActiveCfg = Release|x64
		{A76DC075-8B33-415E-9C6B-06E511820AB3}.Release|x64.Build.0 = Release|x64
		{A76DC075-8B33-415E-9C6B-06E511820AB3}.Release|x86.ActiveCfg = Release|Win32
		{A76DC075-8B33-415E-9C6B-06E511820AB3}.Release|x86.Build.0 = Release|Win32
		{D4095A8E-4DC4-47A3-A81A-4BCB661F06ED}.Debug|x64.ActiveCfg = Debug|x64
		{D4095A8E-4DC4-47A3-A81A-4BCB661F06ED}.Debug|x64.Build.0 = Debug|x64
		{D4095A8E-4DC4-47A3-A81A-4BCB661F06ED}.Debug|x86.ActiveCfg = Debug|Win32
		{D4095A8E-4DC4-47A3-A81A-4BCB661F06ED}.Debug|x86.Build.0 = Debug|Win32
		{D4095A8E-4DC4-47A3-A81A-4BCB661F06ED}.Release|x64.ActiveCfg = Release|x64
		{D4095A8E-4DC4-47A3-A81A-4BCB661F06ED}.Release|x64.Build.0 = Release|x64
		{D4095A8E-4DC4-47A3-A81A-4BCB661F06ED}.Release|x86.ActiveCfg = Release|Win32
		{D4095A8E-4DC4-47A3-A81A-4BCB661F06ED}.Release|x86.Build.0 = Release|Win32
		{7EC61F15-2D2A-458D-AC44-17AB4BCAD93F}.Debug|x64.ActiveCfg = Debug|x64
		{7EC61F15-2D2A-458D-AC44-17AB4BCAD93F}.Debug|x64.Build.0 = Debug|x64
		{7EC61F15-2D2A-458D-AC44-17AB4BCAD93F}.Debug|x86.ActiveCfg = Debug|Win32
		{7EC61F15-2D2A-458D-AC44-17AB4BCAD93F}.Debug|x86.Build.0 = Debug|Win32
		{7EC61F15-2D2A-458D-AC44-17AB4BCAD93F}.Release|x64.ActiveCfg = Release|x64
		{7EC61F15-2D2A-458D-AC44-17AB4BCAD93F}.Release|x64.Build.0 = Release|x64
		{7EC61F15-2D2A-458D-AC44-17AB4BCAD93F}.Release|x86.ActiveCfg = Release|Win32
		{7EC61F15-2D2A-458D-AC44-17AB4BCAD93F}.Release|x86.Build.0 = Release|Win32
		{5F0DF13D-A017-4567-AD56-7553BCFBBD7D}.Debug|x64.ActiveCfg = Debug|x64
		{5F0DF13D-A017-4567-AD56-7553BCFBBD7D}.Debug|x64.Build.0 = Debug|x64
		{5F0DF13D-A017-4567-AD56-7553BCFBBD7D}.Debug|x86.ActiveCfg = Debug|Win32
		{5F0DF13D-A017-4567-AD56-7553BCFBBD7D}.Debug|x86.Build.0 = Debug|Win32
		{5F0DF13D-A017-4567-AD56-7553BCFBBD7D}.Release|x64.ActiveCfg = Release|x64
		{5F0DF13D-A017-4567-AD56-7553BCFBBD7D}.Release|x64.Build.0 = Release|x64
		{5F0DF13D-A017-4567-AD56-7553BCFBBD7D}.Release|x86.ActiveCfg = Release|Win32
		{5F0DF13D-A017-4567-AD56-7553BCFBBD7D}.Release|x86.Build.0 = Release|Win32
		{8DC7CCE6-5CCF-4D1E-ACB9-E70B509C201D}.Debug|x64.ActiveCfg = Debug|x64
		{8DC7CCE6-5CCF-4D1E-ACB9-E70B509C201D}.Debug|x64.Build.0 = Debug|x64
		{8DC7CCE6-5CCF-4D1E-ACB9-E70B509C201D}.Debug|x86.ActiveCfg = Debug|Win32
		{8DC7CCE6-5CCF-4D1E-ACB9-E70B509C201D}.Debug|x86.Build.0 = Debug|Win32
		{8DC7CCE6-5CCF-4D1E-ACB9-E70B509C201D}.Release|x64.ActiveCfg = Release|x64
		{8DC7CCE6-5CCF-4D1E-ACB9-E70B509C201D}.Release|x64.Build.0 = Release|x64
		{8DC7CCE6-5CCF-4D1E-ACB9-E70B509C201D}.Release|x86.ActiveCfg = Release|Win32
		{8DC7CCE6-5CCF-4D1E-ACB9-E70B509C201D}.Release|x86.Build.0 = Release|Win32
		{03EE57CB-28D8-4AD0-BFA6-EFFEBBABFFF5}.Debug|x64.ActiveCfg = Debug|x64
		{03EE57CB-28D8-4AD0-BFA6-EFFEBBABFFF5}.Debug|x64.Build.0 = Debug|x64
		{03EE57CB-28D8-4AD0-BFA6-EFFEBBABFFF5}.Debug|x86.ActiveCfg = Debug|Win32
		{03EE57CB-28D8-4AD0-BFA6-EFFEBBABFFF5}.Debug|x86.Build.0 = Debug|Win32
		{03EE57CB-28D8-4AD0-BFA6-EFFEBBABFFF5}.Release|x64.ActiveCfg = Release|x64
		{03EE57CB-28D8-4AD0-BFA6-EFFEBBABFFF5}.Release|x64.Build.0 = Release|x64
		{03EE57CB-28D8-4AD0-BFA6-EFFEBBABFFF5}.Release|x86.ActiveCfg = Release|Win32
		{03EE57CB-28D8-4AD0-BFA6-EFFEBBABFFF5}.Release|x86.Build.0 = Release|Win32
		{1408A56B-AC7C-41E2-8411-58D88FEC6963}.Debug|x64.ActiveCfg = Debug|x64
		{1408A56B-AC7C-41E2-8411-58D88FEC6963}.Debug|x64.Build.0 = Debug|x64
		{1408A56B-AC7C-41E2-8411-58D88FEC6963}.Debug|x86.ActiveCfg = Debug|Win32
		{1408A56B-AC7C-41E2-8411-58D88FEC6963}.Debug|x86.Build.0 = Debug|Win32
		{1408A56B-AC7C-41E2-8411-58D88FEC6963}.Release|x64.ActiveCfg = Release|x64
		{1408A56B-AC7C-41E2-8411-58D88FEC6963}.Release|x64.Build.0 = Release|x64
		{1408A56B-AC7C-41E2-8411-58D88FEC6963}.Release|x86.ActiveCfg = Release|Win32
		{1408A56B-AC7C-41E2-8411-58D88FEC6963}.Release|x86.Build.0 = Release|Win32
		{56CA92CB-1E3F-4998-94A7-FCDE5115B2BF}.Debug|x64.ActiveCfg = Debug|x64
		{56CA92CB-1E3F-4998-94A7-FCDE5115B2BF}.Debug|x64.Build.0 = Debug|x64
		{56CA92CB-1E3F-4998-94A7-FCDE5115B2BF}.Debug|x86.ActiveCfg = Debug|Win32
		{56CA92CB-1E3F-4998-94A7-FCDE5115B2BF}.Debug|x86.Build.0 = Debug|Win32
		{56CA92CB-1E3F-4998-94A7-FCDE5115B2BF}.Release|x64.ActiveCfg = Release|x64
		{56CA92CB-1E3F-4998-94A7-FCDE5115B2BF}.Release|x64.Build.0 = Release|x64
		{56CA92CB-1E3F-4998-94A7-FCDE5115B2BF}.Release|x86.ActiveCfg = Release|Win32
		{56CA92CB-1E3F-4998-94A7-FCDE5115B2BF}.Release|x86.Build.0 = Release|Win32
		{D3CCA2F3-802A-4779-9304-7922316F982C}.Debug|x64.ActiveCfg = Debug|x64
		{D3CCA2F3-802A-4779-9304-7922316F982C}.Debug|x64.Build.0 = Debug|x64
		{D3CCA2F3-802A-4779-9304-7922316F982C}.Debug|x86.ActiveCfg = Debug|Win32
		{D3CCA2F3-802A-4779-9304-7922316F982C}.Debug|x86.Build.0 = Debug|Win32
		{D3CCA2F3-802A-4779-9304-7922316F982C}.Release|x64.ActiveCfg = Release|x64
		{D3CCA2F3-802A-4779-9304-7922316F982C}.Release|x64.Build.0 = Release|x64
		{D3CCA2F3-802A-4779-9304-7922316F982C}.Release|x86.ActiveCfg = Release|Win32
		{D3CCA2F3-802A-4779-9304-7922316F982C}.Release|x86.Build.0 = Release|Win32
		{F7B8D18F-2D37-4F70-ABC9-AD48E7F54272}.Debug|x64.ActiveCfg = Debug|x64
		{F7B8D18F-2D37-4F70-ABC9-AD48E7F54272}.Debug|x64.Build.0 = Debug|x64
		{F7B8D18F-2D37-4F70-ABC9-AD48E7F54272}.Debug|x86.ActiveCfg = Debug|Win32
		{F7B8D18F-2D37-4F70-ABC9-AD48E7F54272}.Debug|x86.Build.0 = Debug|Win32
		{F7B8D18F-2D37-4F70-ABC9-AD48E7F54272}.Release|x64.ActiveCfg = Release|x64
		{F7B8D18F-2D37-4F70-ABC9-AD48E7F54272}.Release|x64.Build.0 = Release|x64
		{F7B8D18F-2D37-4F70-ABC9-AD48E7F54272}.Release|x86.ActiveCfg = Release|Win32
		{F7B8D18F-2D37-4F70-ABC9-AD48E7F54272}.Release|x86.Build.0 = Release|Win32
		{C1A4045F-CE38-47B7-85C4-C67AD9147510}.Debug|x64.ActiveCfg = Debug|x64
		{C1A4045F-CE38-47B7-85C4-C67AD9147510}.Debug|x64.Build.0 = Debug|x64
		{C1A4045F-CE38-47B7-85C4-C67AD9147510}.Debug|x86.ActiveCfg = Debug|Win32
		{C1A4045F-CE38-47B7-85C4-C67AD9147510}.Debug|x86.Build.0 = Debug|Win32
		{C1A4045F-CE38-47B7-85C4-C67AD9147510}.Release|x64.ActiveCfg = Release|x64
		{C1A4045F-CE38-47B7-85C4-C67AD9147510}.Release|x64.Build.0 = Release|x64
		{C1A4045F-CE38-47B7-85C4-C67AD9147510}.Release|x86.ActiveCfg = Release|Win32
		{C1A4045F-CE38-47B7-85C4-C67AD9147510}.Release|x86.Build.0 = Release|Win32
		{DFAC9F64-BFD0-4562-A582-0DCC34E96D79}.Debug|x64.ActiveCfg = Debug|x64
		{DFAC9F64-BFD0-4562-A582-0DCC34E96D79}.Debug|x64.Build.0 = Debug|x64
		{DFAC9F64-BFD0-4562-A582-0DCC34E96D79}.Debug|x86.ActiveCfg = Debug|Win32
		{DFAC9F64-BFD0-4562-A582-0DCC34E96D79}.Debug|x86.Build.0 = Debug|Win32
		{DFAC9F64-BFD0-4562-A582-0DCC34E96D79}.Release|x64.ActiveCfg = Release|x64
		{DFAC9F64-BFD0-4562-A582-0DCC34E96D79}.Release|x64.Build.0 = Release|x64
		{DFAC9F64-BFD0-4562-A582-0DCC34E96D79}.Release|x86.ActiveCfg = Release|Win32
		{DFAC9F64-BFD0-4562-A582-0DCC34E96D79}.Release|x86.Build.0 = Release|Win32
		{5A8FECB1-CA18-4FA3-AE38-C0D2C8CF312E}.Debug|x64.ActiveCfg = Debug|x64
		{5A8FECB1-CA18-4FA3-AE38-C0D2C8CF312E}.Debug|x64.Build.0 = Debug|x64
		{5A8FECB1-CA18-4FA3-AE38-C0D2C8CF312E}.Debug|x86.ActiveCfg = Debug|Win32
		{5A8FECB1-CA18-4FA3-AE38-C0D2C8CF312E}.Debug|x86.Build.0 = Debug|Win32
		{5A8FECB1-CA18-4FA3-AE38-C0D2C8CF312E}.Release|x64.ActiveCfg = Release|x64
		{5A8FECB1-CA18-4FA3-AE38-C0D2C8CF312E}.Release|x64.Build.0 = Release|x64
		{5A8FECB1-CA18-4FA3-AE38-C0D2C8CF312E}.Release|x86.ActiveCfg = Release|Win32
		{5A8FECB1-CA18-4FA3-AE38-C0D2C8CF312E}.Release|x86.Build.0 = Release|Win32
		{53B42C9E-394A-4D08-B202-010361427EDB}.Debug|x64.ActiveCfg = Debug|x64
		{53B42C9E-394A-4D08-B202-010361427EDB}.Debug|x64.Build.0 = Debug|x64
		{53B42C9E-394A-4D08-B202-010361427EDB}.Debug|x86.ActiveCfg = Debug|Win32
		{53B42C9E-394A-4D08-B202-010361427EDB}.Debug|x86.Build.0 = Debug|Win32
		{53B42C9E-394A-4D08-B202-010361427EDB}.Release|x64.ActiveCfg = Release|x64
		{53B42C9E-394A-4D08-B202-010361427EDB}.Release|x64.Build.0 = Release|x64
		{53B42C9E-394A-4D08-B202-010361427EDB}.Release|x86.ActiveCfg = Release|Win32
		{53B42C9E-394A-4D08-B202-010361427EDB}.Release|x86.Build.0 = Release|Win32
		{7111F19B-3D19-477E-A051-5A4767E647CB}.Debug|x64.ActiveCfg = Debug|x64
		{7111F19B-3D19-477E-A051-5A4767E647CB}.Debug|x64.Build.0 = Debug|x64
		{7111F19B-3D19-477E-A051-5A4767E647CB}.Debug|x86.ActiveCfg = Debug|Win32
		{7111F19B-3D19-477E-A051-5A4767E647CB}.Debug|x86.Build.0 = Debug|Win32
		{7111F19B-3D19-477E-A051-5A4767E647CB}.Release|x64.ActiveCfg = Release|x64
		{7111F19B-3D19-477E-A051-5A4767E647CB}.Release|x64.Build.0 = Release|x64
		{7111F19B-3D19-477E-A051-5A4767E647CB}.Release|x86.ActiveCfg = Release|Win32
		{7111F19B-3D19-477E-A051-5A4767E647CB}.Release|x86.Build.0 = Release|Win32
		{743C3C6C-FD99-47B9-9200-B149335201E1}.Debug|x64.ActiveCfg = Debug|x64
		{743C3C6C-FD99-47B9-9200-B149335201E1}.Debug|x64.Build.0 = Debug|x64
		{743C3C6C-FD99-47B9-9200-B149335201E1}.Debug|x86.ActiveCfg = Debug|Win32
		{743C3C6C-FD99-47B9-9200-B149335201E1}.Debug|x86.Build.0 = Debug|Win32
		{743C3C6C-FD99-47B9-9200-B149335201E1}.Release|x64.ActiveCfg = Release|x64
		{743C3C6C-FD99-47B9-9200-B149335201E1}.Release|x64.Build.0 = Release|x64
		{743C3C6C-FD99-47B9-9200-B149335201E1}.Release|x86.ActiveCfg = Release|Win32
		{743C3C6C-FD99-47B9-9200-B149335201E1}.Release|x86.Build.0 = Release|Win32
		{EE882F07-15CE-4D35-9150-0D6BF118DBB6}.Debug|x64.ActiveCfg = Debug|x64
		{EE882F07-15CE-4D35-9150-0D6BF118DBB6}.Debug|x64.Build.0 = Debug|x64
		{EE882F07-15CE-4D35-9150-0D6BF118DBB6}.Debug|x86.ActiveCfg = Debug|Win32
		{EE882F07-15CE-4D35-9150-0D6BF118DBB6}.Debug|x86.Build.0 = Debug|Win32
		{EE882F07-15CE-4D35-9150-0D6BF118DBB6}.Release|x64.ActiveCfg = Release|x64
		{EE882F07-15CE-4D35-9150-0D6BF118DBB6}.Release|x64.Build.0 = Release|x64
		{EE882F07-15CE-4D35-9150-0D6BF118DBB6}.Release|x86.ActiveCfg = Release|Win32
		{EE882F07-15CE-4D35-9150-0D6BF118DBB6}.Release|x86.Build.0 = Release|Win32
		{A0DFFC7A-1388-4F02-A495-6652DECAF42F}.Debug|x64.ActiveCfg = Debug|x64
		{A0DFFC7A-1388-4F02-A495-6652DECAF42F}.Debug|x64.Build.0 = Debug|x64
		{A0DFFC7A-1388-4F02-A495-6652DECAF42F}.Debug|x86.ActiveCfg = Debug|Win32
		{A0DFFC7A-1388-4F02-A495-6652DECAF42F}.Debug|x86.Build.0 = Debug|Win32
		{A0DFFC7A-1388-4F02-A495-6652DECAF42F}.Release|x64.ActiveCfg = Release|x64
		{A0DFFC7A-1388-4F02-A495-6652DECAF42F}.Release|x64.Build.0 = Release|x64
		{A0DFFC7A-1388-4F02-A495-6652DECAF42F}.Release|x86.ActiveCfg = Release|Win32
		{A0DFFC7A-1388-4F02-A495-6652DECAF42F}.Release|x86.Build.0 = Release|Win32
		{0BF29F1A-F92D-45E0-999D-3799A4D1A6AD}.Debug|x64.ActiveCfg = Debug|x64
		{0BF29F1A-F92D-45E0-999D-3799A4D1A6AD}.Debug|x64.Build.0 = Debug|x64
		{0BF29F1A-F92D-45E0-999D-3799A4D1A6AD}.Debug|x86.ActiveCfg = Debug|Win32
		{0BF29F1A-F92D-45E0-999D-3799A4D1A6AD}.Debug|x86.Build.0 = Debug|Win32
		{0BF29F1A-F92D-45E0-999D-3799A4D1A6AD}.Release|x64.ActiveCfg = Release|x64
		{0BF29F1A-F92D-45E0-999D-3799A4D1A6AD}.Release|x64.Build.0 = Release|x64
		{0BF29F1A-F92D-45E0-999D-3799A4D1A6AD}.Release|x86.ActiveCfg = Release|Win32
		{0BF29F1A-F92D-45E0-999D-3799A4D1A6AD}.Release|x86.Build.0 = Release|Win32
		{CA5C97E0-10A0-4B85-AD35-63C244FE7D0C}.Debug|x64.ActiveCfg = Debug|x64
		{CA5C97E0-10A0-4B85-AD35-63C244FE7D0C}.Debug|x64.Build.0 = Debug|x64
		{CA5C97E0-10A0-4B85-AD35-63C244FE7D0C}.Debug|x86.ActiveCfg = Debug|Win32
		{CA5C97E0-10A0-4B85-AD35-63C244FE7D0C}.Debug|x86.Build.0 = Debug|Win32
		{CA5C97E0-10A0-4B85-AD35-63C244FE7D0C}.Release|x64.ActiveCfg = Release|x64
		{CA5C97E0-10A0-4B85-AD35-63C244FE7D0C}.Release|x64.Build.0 = Release|x64
		{CA5C97E0-10A0-4B85-AD35-63C244FE7D0C}.Release|x86.ActiveCfg = Release|Win32
		{CA5C97E0-10A0-4B85-AD35-63C244FE7D0C}.Release|x86.Build.0 = Release|Win32
		{0A646BF8-F51D-401E-B3BF-CB2D44292987}.Debug|x64.ActiveCfg = Debug|x64
		{0A646BF8-F51D-401E-B3BF-CB2D44292987}.Debug|x64.Build.0 = Debug|x64
		{0A646BF8-F51D-401E-B3BF-CB2D44292987}.Debug|x86.ActiveCfg = Debug|Win32
		{0A646BF8-F51D-401E-B3BF-CB2D44292987}.Debug|x86.Build.0 = Debug|Win32
		{0A646BF8-F51D-401E-B3BF-CB2D44292987}.Release|x64.ActiveCfg = Release|x64
		{0A646BF8-F51D-401E-B3BF-CB2D44292987}.Release|x64.Build.0 = Release|x64
		{0A646BF8-F51D-401E-B3BF-CB2D44292987}.Release|x86.ActiveCfg = Release|Win32
		{0A646BF8-F51D-401E-B3BF-CB2D44292987}.Release|x86.Build.0 = Release|Win32
		{D7A5229B-2A22-43E0-AED5-BD0EF2883ADE}.Debug|x64.ActiveCfg = Debug|x64
		{D7A5229B-2A22-43E0-AED5-BD0EF2883ADE}.Debug|x64.Build.0 = Debug|x64
		{D7A5229B-2A22-43E0-AED5-BD0EF2883ADE}.Debug|x86.ActiveCfg = Debug|Win32
		{D7A5229B-2A22-43E0-AED5-BD0EF2883ADE}.Debug|x86.Build.0 = Debug|Win32
		{D7A5229B-2A22-43E0-AED5-BD0EF2883ADE}.Release|x64.ActiveCfg = Release|x64
		{D7A5229B-2A22-43E0-AED5-BD0EF2883ADE}.Release|x64.Build.0 = Release|x64
		{D7A5229B-2A22-43E0-AED5-BD0EF2883ADE}.Release|x86.ActiveCfg = Release|Win32
		{D7A5229B-2A22-43E0-AED5-BD0EF2883ADE}.Release|x86.Build.0 = Release|Win32
		{D79A69BB-2BB2-4D22-9962-7034A5117DA6}.Debug|x64.ActiveCfg = Debug|x64
		{D79A69BB-2BB2-4D22-9962-7034A5117DA6}.Debug|x64.Build.0 = Debug|x64
		{D79A69BB-2BB2-4D22-9962-7034A5117DA6}.Debug|x86.ActiveCfg = Debug|Win32
		{D79A69BB-2BB2-4D22-9962-7034A5117DA6}.Debug|x86.Build.0 = Debug|Win32
		{D79A69BB-2BB2-4D22-9962-7034A5117DA6}.Release|x64.ActiveCfg = Release|x64
		{D79A69BB-2BB2-4D22-9962-7034A5117DA6}.Release|x64.Build.0 = Release|x64
		{D79A69BB-2BB2-4D22-9962-7034A5117DA6}.Release|x86.ActiveCfg = Release|Win32
		{D79A69BB-2BB2-4D22-9962-7034A5117DA6}.Release|x86.Build.0 = Release|Win32
		{38B752E1-E7D0-443E-AC0D-07D28EC84E82}.Debug|x64.ActiveCfg = Debug|x64
		{38B752E1-E7D0-443E-AC0D-07D28EC84E82}.Debug|x64.Build.0 = Debug|x64
		{38B752E1-E7D0-443E-AC0D-07D28EC84E82}.Debug|x86.ActiveCfg = Debug|Win32
		{38B752E1-E7D0-443E-AC0D-07D28EC84E82}.Debug|x86.Build.0 = Debug|Win32
		{38B752E1-E7D0-443E-AC0D-07D28EC84E82}.Release|x64.ActiveCfg = Release|x64
		{38B752E1-E7D0-443E-AC0D-07D28EC84E82}.Release|x64.Build.0 = Release|x64
		{38B752E1-E7D0-443E-AC0D-07D28EC84E82}.Release|x86.ActiveCfg = Release|Win32
		{38B752E1-E7D0-443E-AC0D-07D28EC84E82}.Release|x86.Build.0 = Release|Win32
		{8C95841B-3F99-436D-9E9D-54E0D937C2D0}.Debug|x64.ActiveCfg = Debug|x64
		{8C95841B-3F99-436D-9E9D-54E0D937C2D0}.Debug|x64.Build.0 = Debug|x64
		{8C95841B-3F99-436D-9E9D-54E0D937C2D0}.Debug|x86.ActiveCfg = Debug|Win32
		{8C95841B-3F99-436D-9E9D-54E0D937C2D0}.Debug|x86.Build.0 = Debug|Win32
		{8C95841B-3F99-436D-9E9D-54E0D937C2D0}.Release|x64.ActiveCfg = Release|x64
		{8C95841B-3F99-436D-9E9D-54E0D937C2D0}.Release|x64.Build.0 = Release|x64
		{8C95841B-3F99-436D-9E9D-54E0D937C2D0}.Release|x86.ActiveCfg = Release|Win32
		{8C95841B-3F99-436D-9E9D-54E0D937C2D0}.Release|x86.Build.0 = Release|Win32
		{70F92472-9019-4F84-87EB-B0AABBD381CE}.Debug|x64.ActiveCfg = Debug|x64
		{70F92472-9019-4F84-87EB-B0AABBD381CE}.Debug|x64.Build.0 = Debug|x64
		{70F92472-9019-4F84-87EB-B0AABBD381CE}.Debug|x86.ActiveCfg = Debug|Win32
		{70F92472-9019-4F84-87EB-B0AABBD381CE}.Debug|x86.Build.0 = Debug|Win32
		{70F92472-9019-4F84-87EB-B0AABBD381CE}.Release|x64.ActiveCfg = Release|x64
		{70F92472-9019-4F84-87EB-B0AABBD381CE}.Release|x64.Build.0 = Release|x64
		{70F92472-9019-4F84-87EB-B0AABBD381CE}.Release|x86.ActiveCfg = Release|Win32
		{70F92472-9019-4F84-87EB-B0AABBD381CE}.Release|x86.Build.0 = Release|Win32
		{CADC34B0-2BCC-4020-975F-33D84C25E2E7}.Debug|x64.ActiveCfg = Debug|x64
		{CADC34B0-2BCC-4020-975F-33D84C25E2E7}.Debug|x64.Build.0 = Debug|x64
		{CADC34B0-2BCC-4020-975F-33D84C25E2E7}.Debug|x86.ActiveCfg = Debug|Win32
		{CADC34B0-2BCC-4020-975F-33D84C25E2E7}.Debug|x86.Build.0 = Debug|Win32
		{CADC34B0-2BCC-4020-975F-33D84C25E2E7}.Release|x64.ActiveCfg = Release|x64
		{CADC34B0-2BCC-4020-975F-33D84C25E2E7}.Release|x64.Build.0 = Release|x64
		{CADC34B0-2BCC-4020-975F-33D84C25E2E7}.Release|x86.ActiveCfg = Release|Win32
		{CADC34B0-2BCC-4020-975F-33D84C25E2E7}.Release|x86.Build.0 = Release|Win32
		{A720B6F9-0881-4C06-B43C-1E5C21E2AB0A}.Debug|x64.ActiveCfg = Debug|x64
		{A720B6F9-0881-4C06-B43C-1E5C21E2AB0A}.Debug|x64.Build.0 = Debug|x64
		{A720B6F9-0881-4C06-B43C-1E5C21E2AB0A}.Debug|x86.ActiveCfg = Debug|Win32
		{A720B6F9-0881-4C06-B43C-1E5C21E2AB0A}.Debug|x86.Build.0 = Debug|Win32
		{A720B6F9-0881-4C06-B43C-1E5C21E2AB0A}.Release|x64.ActiveCfg = Release|x64
		{A720B6F9-0881-4C06-B43C-1E5C21E2AB0A}.Release|x64.Build.0 = Release|x64
		{A720B6F9-0881-4C06-B43C-1E5C21E2AB0A}.Release|x86.ActiveCfg = Release|Win32
		{A720B6F9-0881-4C06-B43C-1E5C21E2AB0A}.Release|x86.Build.0 = Release|Win32
		{2B5CBA7F-8D0A-469C-8FE5-F30E0BD2CEB5}.Debug|x64.ActiveCfg = Debug|x64
		{2B5CBA7F-8D0A-469C-8FE5-F30E0BD2CEB5}.Debug|x64.Build.0 = Debug|x64
		{2B5CBA7F-8D0A-469C-8FE5-F30E0BD2CEB5}.Debug|x86.ActiveCfg = Debug|Win32
		{2B5CBA7F-8D0A-469C-8FE5-F30E0BD2CEB5}.Debug|x86.Build.0 = Debug|Win32
		{2B5CBA7F-8D0A-469C-8FE5-F30E0BD2CEB5}.Release|x64.ActiveCfg = Release|x64
		{2B5CBA7F-8D0A-469C-8FE5-F30E0BD2CEB5}.Release|x64.Build.0 = Release|x64
		{2B5CBA7F-8D0A-469C-8FE5-F30E0BD2CEB5}.Release|x86.ActiveCfg = Release|Win32
		{2B5CBA7F-8D0A-469C-8FE5-F30E0BD2CEB5}.Release|x86.Build.0 = Release|Win32
		{DDC0BF34-973D-4CF9-BBB7-8D4C7917EFA3}.Debug|x64.ActiveCfg = Debug|x64
		{DDC0BF34-973D-4CF9-BBB7-8D4C7917EFA3}.Debug|x64.Build.0 = Debug|x64
		{DDC0BF34-973D-4CF9-BBB7-8D4C7917EFA3}.Debug|x86.ActiveCfg = Debug|Win32
		{DDC0BF34-973D-4CF9-BBB7-8D4C7917EFA3}.Debug|x86.Build.0 = Debug|Win32
		{DDC0BF34-973D-4CF9-BBB7-8D4C7917EFA3}.Release|x64.ActiveCfg = Release|x64
		{DDC0BF34-973D-4CF9-BBB7-8D4C7917EFA3}.Release|x64.Build.0 = Release|x64
		{DDC0BF34-973D-4CF9-BBB7-8D4C7917EFA3}.Release|x86.ActiveCfg = Release|Win32
		{DDC0BF34-973D-4CF9-BBB7-8D4C7917EFA3}.Release|x86.Build.0 = Release|Win32
		{D87FA761-0075-4F65-A6A3-282498A8BCA9}.Debug|x64.ActiveCfg = Debug|x64
		{D87FA761-0075-4F65-A6A3-282498A8BCA9}.Debug|x64.Build.0 = Debug|x64
		{D87FA761-0075-4F65-A6A3-282498A8BCA9}.Debug|x86.ActiveCfg = Debug|Win32
		{D87FA761-0075-4F65-A6A3-282498A8BCA9}.Debug|x86.Build.0 = Debug|Win32
		{D87FA761-0075-4F65-A6A3-282498A8BCA9}.Release|x64.ActiveCfg = Release|x64
		{D87FA761-0075-4F65-A6A3-282498A8BCA9}.Release|x64.Build.0 = Release|x64
		{D87FA761-0075-4F65-A6A3-282498A8BCA9}.Release|x86.ActiveCfg = Release|Win32
		{D87FA761-0075-4F65-A6A3-282498A8BCA9}.Release|x86.Build.0 = Release|Win32
		{069F2BD4-6C0F-4286-8E38-37F054F78550}.Debug|x64.ActiveCfg = Debug|x64
		{069F2BD4-6C0F-4286-8E38-37F054F78550}.Debug|x64.Build.0 = Debug|x64
		{069F2BD4-6C0F-4286-8E38-37F054F78550}.Debug|x86.ActiveCfg = Debug|Win32
		{069F2BD4-6C0F-4286-8E38-37F054F78550}.Debug|x86.Build.0 = Debug|Win32
		{069F2BD4-6C0F-4286-8E38-37F054F78550}.Release|x64.ActiveCfg = Release|x64
		{069F2BD4-6C0F-4286-8E38-37F054F78550}.Release|x64.Build.0 = Release|x64
		{069F2BD4-6C0F-4286-8E38-37F054F78550}.Release|x86.ActiveCfg = Release|Win32
		{069F2BD4-6C0F-4286-8E38-37F054F78550}.Release|x86.Build.0 = Release|Win32
		{B20AB332-A3F3-4CDC-84BD-9E5D8249EB70}.Debug|x64.ActiveCfg = Debug|x64
		{B20AB332-A3F3-4CDC-84BD-9E5D8249EB70}.Debug|x64.Build.0 = Debug|x64
		{B20AB332-A3F3-4CDC-84BD-9E5D8249EB70}.Debug|x86.ActiveCfg = Debug|Win32
		{B20AB332-A3F3-4CDC-84BD-9E5D8249EB70}.Debug|x86.Build.0 = Debug|Win32
		{B20AB332-A3F3-4CDC-84BD-9E5D8249EB70}.Release|x64.ActiveCfg = Release|x64
		{B20AB332-A3F3-4CDC-84BD-9E5D8249EB70}.Release|x64.Build.0 = Release|x64
		{B20AB332-A3F3-4CDC-84BD-9E5D8249EB70}.Release|x86.ActiveCfg = Release|Win32
		{B20AB332-A3F3-4CDC-84BD-9E5D8249EB70}.Release|x86.Build.0 = Release|Win32
		{BB56FA57-6978-4072-8D66-1F6DD4295BA1}.Debug|x64.ActiveCfg = Debug|x64
		{BB56FA57-6978-4072-8D66-1F6DD4295BA1}.Debug|x64.Build.0 = Debug|x64
		{BB56FA57-6978-4072-8D66-1F6DD4295BA1}.Debug|x86.ActiveCfg = Debug|Win32
		{BB56FA57-6978-4072-8D66-1F6DD4295BA1}.Debug|x86.Build.0 = Debug|Win32
		{BB56FA57-6978-4072-8D66-1F6DD4295BA1}.Release|x64.ActiveCfg = Release|x64
		{BB56FA57-6978-4072-8D66-1F6DD4295BA1}.Release|x64.Build.0 = Release|x64
		{BB56FA57-6978-4072-8D66-1F6DD4295BA1}.Release|x86.ActiveCfg = Release|Win32
		{BB56FA57-6978-4072-8D66-1F6DD4295BA1}.Release|x86.Build.0 = Release|Win32
		{42A2956D-2130-402A-B203-289EC3F70DEE}.Debug|x64.ActiveCfg = Debug|x64
		{42A2956D-2130-402A-B203-289EC3F70DEE}.Debug|x64.Build.0 = Debug|x64
		{42A2956D-2130-402A-B203-289EC3F70DEE}.Debug|x86.ActiveCfg = Debug|Win32
		{42A2956D-2130-402A-B203-289EC3F70DEE}.Debug|x86.Build.0 = Debug|Win32
		{42A2956D-2130-402A-B203-289EC3F70DEE}.Release|x64.ActiveCfg = Release|x64
		{42A2956D-2130-402A-B203-289EC3F70DEE}.Release|x64.Build.0 = Release|x64
		{42A2956D-2130-402A-B203-289EC3F70DEE}.Release|x86.ActiveCfg = Release|Win32
		{42A2956D-2130-402A-B203-289EC3F70DEE}.Release|x86.Build.0 = Release|Win32
		{194E8448-8ECF-4849-A7C0-AB4318B709E8}.Debug|x64.ActiveCfg = Debug|x64
		{194E8448-8ECF-4849-A7C0-AB4318B709E8}.Debug|x64.Build.0 = Debug|x64
		{194E8448-8ECF-4849-A7C0-AB4318B709E8}.Debug|x86.ActiveCfg = Debug|Win32
		{194E8448-8ECF-4849-A7C0-AB4318B709E8}.Debug|x86.Build.0 = Debug|Win32
		{194E8448-8ECF-4849-A7C0-AB4318B709E8}.Release|x64.ActiveCfg = Release|x64
		{194E8448-8ECF-4849-A7C0-AB4318B709E8}.Release|x64.Build.0 = Release|x64
		{194E8448-8ECF-4849-A7C0-AB4318B709E8}.Release|x86.ActiveCfg = Release|Win32
		{194E8448-8ECF-4849-A7C0-AB4318B709E8}.Release|x86.Build.0 = Release|Win32
		{72CC1676-C00B-40AF-B048-01493CAC8139}.Debug|x64.ActiveCfg = Debug|x64
		{72CC1676-C00B-40AF-B048-01493CAC8139}.Debug|x64.Build.0 = Debug|x64
		{72CC1676-C00B-40AF-B048-01493CAC8139}.Debug|x86.ActiveCfg = Debug|Win32
		{72CC1676-C00B-40AF-B048-01493CAC8139}.Debug|x86.Build.0 = Debug|Win32
		{72CC1676-C00B-40AF-B048-01493CAC8139}.Release|x64.ActiveCfg = Release|x64
		{72CC1676-C00B-40AF-B048-01493CAC8139}.Release|x64.Build.0 = Release|x64
		{72CC1676-C00B-40AF-B048-01493CAC8139}.Release|x86.ActiveCfg = Release|Win32
		{72CC1676-C00B-40AF-B048-01493CAC8139}.Release|x86.Build.0 = Release|Win32
		{AA925948-29D3-4CAA-873B-D85581120F82}.Debug|x64.ActiveCfg = Debug|x64
		{AA925948-29D3-4CAA-873B-D85581120F82}.Debug|x64.Build.0 = Debug|x64
		{AA925948-29D3-4CAA-873B-D85581120F82}.Debug|x86.ActiveCfg = Debug|Win32
		{AA925948-29D3-4CAA-873B-D85581120F82}.Debug|x86.Build.0 = Debug|Win32
		{AA925948-29D3-4CAA-873B-D85581120F82}.Release|x64.ActiveCfg = Release|x64
		{AA925948-29D3-4CAA-873B-D85581120F82}.Release|x64.Build.0 = Release|x64
		{AA925948-29D3-4CAA-873B-D85581120F82}.Release|x86.ActiveCfg = Release|Win32
		{AA925948-29D3-4CAA-873B-D85581120F82}.Release|x86.Build.0 = Release|Win32
		{11A428A8-29F9-45FB-BDBC-514D6739EB4E}.Debug|x64.ActiveCfg = Debug|x64
		{11A428A8-29F9-45FB-BDBC-514D6739EB4E}.Debug|x64.Build.0 = Debug|x64
		{11A428A8-29F9-45FB-BDBC-514D6739EB4E}.Debug|x86.ActiveCfg = Debug|Win32
		{11A428A8-29F9-45FB-BDBC-514D6739EB4E}.Debug|x86.Build.0 = Debug|Win32
		{11A428A8-29F9-45FB-BDBC-514D6739EB4E}.Release|x64.ActiveCfg = Release|x64
		{11A428A8-29F9-45FB-BDBC-514D6739EB4E}.Release|x64.Build.0 = Release|x64
		{11A428A8-29F9-45FB-BDBC-514D6739EB4E}.Release|x86.ActiveCfg = Release|Win32
		{11A428A8-29F9-45FB-BDBC-514D6739EB4E}.Release|x86.Build.0 = Release|Win32
		{A4F9F2D0-D268-433B-B190-78EEBE95EB60}.Debug|x64.ActiveCfg = Debug|x64
		{A4F9F2D0-D268-433B-B190-78EEBE95EB60}.Debug|x64.Build.0 = Debug|x64
		{A4F9F2D0-D268-433B-B190-78EEBE95EB60}.Debug|x86.ActiveCfg = Debug|Win32
		{A4F9F2D0-D268-433B-B190-78EEBE95EB60}.Debug|x86.Build.0 = Debug|Win32
		{A4F9F2D0-D268-433B-B190-78EEBE95EB60}.Release|x64.ActiveCfg = Release|x64
		{A4F9F2D0-D268-433B-B190-78EEBE95EB60}.Release|x64.Build.0 = Release|x64
		{A4F9F2D0-D268-433B-B190-78EEBE95EB60}.Release|x86.ActiveCfg = Release|Win32
		{A4F9F2D0-D268-433B-B190-78EEBE95EB60}.Release|x86.Build.0 = Release|Win32
		{B4EC2E15-0B09-422A-97E9-2D0762FDF48E}.Debug|x64.ActiveCfg = Debug|x64
		{B4EC2E15-0B09-422A-97E9-2D0762FDF48E}.Debug|x64.Build.0 = Debug|x64
		{B4EC2E15-0B09-422A-97E9-2D0762FDF48E}.Debug|x86.ActiveCfg = Debug|Win32
		{B4EC2E15-0B09-422A-97E9-2D0762FDF48E}.Debug|x86.Build.0 = Debug|Win32
		{B4EC2E15-0B09-422A-97E9-2D0762FDF48E}.Release|x64.ActiveCfg = Release|x64
		{B4EC2E15-0B09-422A-97E9-2D0762FDF48E}.Release|x64.Build.0 = Release|x64
		{B4EC2E15-0B09-422A-97E9-2D0762FDF48E}.Release|x86.ActiveCfg = Release|Win32
		{B4EC2E15-0B09-422A-97E9-2D0762FDF48E}.Release|x86.Build.0 = Release|Win32
		{AE20A609-2009-4718-9522-F07F92C98AC9}.Debug|x64.ActiveCfg = Debug|x64
		{AE20A609-2009-4718-9522-F07F92C98AC9}.Debug|x64.Build.0 = Debug|x64
		{AE20A609-2009-4718-9522-F07F92C98AC9}.Debug|x86.ActiveCfg = Debug|Win32
		{AE20A609-2009-4718-9522-F07F92C98AC9}.Debug|x86.Build.0 = Debug|Win32
		{AE20A609-2009-4718-9522-F07F92C98AC9}.Release|x64.ActiveCfg = Release|x64
		{AE20A609-2009-4718-9522-F07F92C98AC9}.Release|x64.Build.0 = Release|x64
		{AE20A609-2009-4718-9522-F07F92C98AC9}.Release|x86.ActiveCfg = Release|Win32
		{AE20A609-2009-4718-9522-F07F92C98AC9}.Release|x86.Build.0 = Release|Win32
		{74FD484B-E8A9-4A34-9699-AF150FF5BEA0}.Debug|x64.ActiveCfg = Debug|x64
		{74FD484B-E8A9-4A34-9699-AF150FF5BEA0}.Debug|x64.Build.0 = Debug|x64
		{74FD484B-E8A9-4A34-9699-AF150FF5BEA0}.Debug|x86.ActiveCfg = Debug|Win32
		{74FD484B-E8A9-4A34-9699-AF150FF5BEA0}.Debug|x86.Build.0 = Debug|Win32
		{74FD484B-E8A9-4A34-9699-AF150FF5BEA0}.Release|x64.ActiveCfg = Release|x64
		{74FD484B-E8A9-4A34-9699-AF150FF5BEA0}.Release|x64.Build.0 = Release|x64
		{74FD484B-E8A9-4A34-9699-AF150FF5BEA0}.Release|x86.ActiveCfg = Release|Win32
		{74FD484B-E8A9-4A34-9699-AF150FF5BEA0}.Release|x86.Build.0 = Release|Win32
		{15D2C5FC-B0E0-43C8-80E5-14476470F863}.Debug|x64.ActiveCfg = Debug|x64
		{15D2C5FC-B0E0-43C8-80E5-14476470F863}.Debug|x64.Build.0 = Debug|x64
		{15D2C5FC-B0E0-43C8-80E5-14476470F863}.Debug|x86.ActiveCfg = Debug|Win32
		{15D2C5FC-B0E0-43C8-80E5-14476470F863}.Debug|x86.Build.0 = Debug|Win32
		{15D2C5FC-B0E0-43C8-80E5-14476470F863}.Release|x64.ActiveCfg = Release|x64
		{15D2C5FC-B0E0-43C8-80E5-14476470F863}.Release|x64.Build.0 = Release|x64
		{15D2C5FC-B0E0-43C8-80E5-14476470F863}.Release|x86.ActiveCfg = Release|Win32
		{15D2C5FC-B0E0-43C8-80E5-14476470F863}.Release|x86.Build.0 = Release|Win32
		{FB4F2D9B-367F-4E40-BAAC-F281B45F8BCE}.Debug|x64.ActiveCfg = Debug|x64
		{FB4F2D9B-367F-4E40-BAAC-F281B45F8BCE}.Debug|x64.Build.0 = Debug|x64
		{FB4F2D9B-367F-4E40-BAAC-F281B45F8BCE}.Debug|x86.ActiveCfg = Debug|Win32
		{FB4F2D9B-367F-4E40-BAAC-F281B45F8BCE}.Debug|x86.Build.0 = Debug|Win32
		{FB4F2D9B-367F-4E40-BAAC-F281B45F8BCE}.Release|x64.ActiveCfg = Release|x64
		{FB4F2D9B-367F-4E40-BAAC-F281B45F8BCE}.Release|x64.Build.0 = Release|x64
		{FB4F2D9B-367F-4E40-BAAC-F281B45F8BCE}.Release|x86.ActiveCfg = Release|Win32
		{FB4F2D9B-367F-4E40-BAAC-F281B45F8BCE}.Release|x86.Build.0 = Release|Win32
		{82813CEE-9677-41F5-9B2D-FA431062E089}.Debug|x64.ActiveCfg = Debug|x64
		{82813CEE-9677-41F5-9B2D-FA431062E089}.Debug|x64.Build.0 = Debug|x64
		{82813CEE-9677-41F5-9B2D-FA431062E089}.Debug|x86.ActiveCfg = Debug|Win32
		{82813CEE-9677-41F5-9B2D-FA431062E089}.Debug|x86.Build.0 = Debug|Win32
		{82813CEE-9677-41F5-9B2D-FA431062E089}.Release|x64.ActiveCfg = Release|x64
		{82813CEE-9677-41F5-9B2D-FA431062E089}.Release|x64.Build.0 = Release|x64
		{82813CEE-9677-41F5-9B2D-FA431062E089}.Release|x86.ActiveCfg = Release|Win32
		{82813CEE-9677-41F5-9B2D-FA431062E089}.Release|x86.Build.0 = Release|Win32
		{40796991-871B-43A1-9DA4-C7E76D68FC99}.Debug|x64.ActiveCfg = Debug|x64
		{40796991-871B-43A1-9DA4-C7E76D68FC99}.Debug|x64.Build.0 = Debug|x64
		{40796991-871B-43A1-9DA4-C7E76D68FC99}.Debug|x86.ActiveCfg = Debug|Win32
		{40796991-871B-43A1-9DA4-C7E76D68FC99}.Debug|x86.Build.0 = Debug|Win32
		{40796991-871B-43A1-9DA4-C7E76D68FC99}.Release|x64.ActiveCfg = Release|x64
		{40796991-871B-43A1-9DA4-C7E76D68FC99}.Release|x64.Build.0 = Release|x64
		{40796991-871B-43A1-9DA4-C7E76D68FC99}.Release|x86.ActiveCfg = Release|Win32
		{40796991-871B-43A1-9DA4-C7E76D68FC99}.Release|x86.Build.0 = Release|Win32
		{9E14EC50-1E19-4A9F-9191-D08F5EB8B530}.Debug|x64.ActiveCfg = Debug|x64
		{9E14EC50-1E19-4A9F-9191-D08F5EB8B530}.Debug|x64.Build.0 = Debug|x64
		{9E14EC50-1E19-4A9F-9191-D08F5EB8B530}.Debug|x86.ActiveCfg = Debug|Win32
		{9E14EC50-1E19-4A9F-9191-D08F5EB8B530}.Debug|x86.Build.0 = Debug|Win32
		{9E14EC50-1E19-4A9F-9191-D08F5EB8B530}.Release|x64.ActiveCfg = Release|x64
		{9E14EC50-1E19-4A9F-9191-D08F5EB8B530}.Release|x64.Build.0 = Release|x64
		{9E14EC50-1E19-4A9F-9191-D08F5EB8B530}.Release|x86.ActiveCfg = Release|Win32
		{9E14EC50-1E19-4A9F-9191-D08F5EB8B530}.Release|x86.Build.0 = Release|Win32
		{3D834C99-97A9-4AD0-BE2F-E6D025CA0B50}.Debug|x64.ActiveCfg = Debug|x64
		{3D834C99-97A9-4AD0-BE2F-E6D025CA0B50}.Debug|x64.Build.0 = Debug|x64
		{3D834C99-97A9-4AD0-BE2F-E6D025CA0B50}.Debug|x86.ActiveCfg = Debug|Win32
		{3D834C99-97A9-4AD0-BE2F-E6D025CA0B50}.Debug|x86.Build.0 = Debug|Win32
		{3D834C99-97A9-4AD0-BE2F-E6D025CA0B50}.Release|x64.ActiveCfg = Release|x64
		{3D834C99-97A9-4AD0-BE2F-E6D025CA0B50}.Release|x64.Build.0 = Release|x64
		{3D834C99-97A9-4AD0-BE2F-E6D025CA0B50}.Release|x86.ActiveCfg = Release|Win32
		{3D834C99-97A9-4AD0-BE2F-E6D025CA0B50}.Release|x86.Build.0 = Release|Win32
		{CE954E41-48B5-42FD-B27F-4E2D2CBF94D0}.Debug|x64.ActiveCfg = Debug|x64
		{CE954E41-48B5-42FD-B27F-4E2D2CBF94D0}.Debug|x64.Build.0 = Debug|x64
		{CE954E41-48B5-42FD-B27F-4E2D2CBF94D0}.Debug|x86.ActiveCfg = Debug|Win32
		{CE954E41-48B5-42FD-B27F-4E2D2CBF94D0}.Debug|x86.Build.0 = Debug|Win32
		{CE954E41-48B5-42FD-B27F-4E2D2CBF94D0}.Release|x64.ActiveCfg = Release|x64
		{CE954E41-48B5-42FD-B27F-4E2D2CBF94D0}.Release|x64.Build.0 = Release|x64
		{CE954E41-48B5-42FD-B27F-4E2D2CBF94D0}.Release|x86.ActiveCfg = Release|Win32
		{CE954E41-48B5-42FD-B27F-4E2D2CBF94D0}.Release|x86.Build.0 = Release|Win32
		{612BA763-7A56-479F-A751-6EBFC96AD9EB}.Debug|x64.ActiveCfg = Debug|x64
		{612BA763-7A56-479F-A751-6EBFC96AD9EB}.Debug|x64.Build.0 = Debug|x64
		{612BA763-7A56-479F-A751-6EBFC96AD9EB}.Debug|x86.ActiveCfg = Debug|Win32
		{612BA763-7A56-479F-A751-6EBFC96AD9EB}.Debug|x86.Build.0 = Debug|Win32
		{612BA763-7A56-479F-A751-6EBFC96AD9EB}.Release|x64.ActiveCfg = Release|x64
		{612BA763-7A56-479F-A751-6EBFC96AD9EB}.Release|x64.Build.0 = Release|x64
		{612BA763-7A56-479F-A751-6EBFC96AD9EB}.Release|x86.ActiveCfg = Release|Win32
		{612BA763-7A56-479F-A751-6EBFC96AD9EB}.Release|x86.Build.0 = Release|Win32
		{95E87B91-2F33-4B8E-B0DE-F3D084E84C00}.Debug|x64.ActiveCfg = Debug|x64
		{95E87B91-2F33-4B8E-B0DE-F3D084E84C00}.Debug|x64.Build.0 = Debug|x64
		{95E87B91-2F33-4B8E-B0DE-F3D084E84C00}.Debug|x86.ActiveCfg = Debug|Win32
		{95E87B91-2F33-4B8E-B0DE-F3D084E84C00}.Debug|x86.Build.0 = Debug|Win32
		{95E87B91-2F33-4B8E-B0DE-F3D084E84C00}.Release|x64.ActiveCfg = Release|x64
		{95E87B91-2F33-4B8E-B0DE-F3D084E84C00}.Release|x64.Build.0 = Release|x64
		{95E87B91-2F33-4B8E-B0DE-F3D084E84C00}.Release|x86.ActiveCfg = Release|Win32
		{95E87B91-2F33-4B8E-B0DE-F3D084E84C00}.Release|x86.Build.0 = Release|Win32
		{2DA60A25-FA5D-4FF4-9436-83B10469249D}.Debug|x64.ActiveCfg = Debug|x64
		{2DA60A25-FA5D-4FF4-9436-83B10469249D}.Debug|x64.Build.0 = Debug|x64
		{2DA60A25-FA5D-4FF4-9436-83B10469249D}.Debug|x86.ActiveCfg = Debug|Win32
		{2DA60A25-FA5D-4FF4-9436-83B10469249D}.Debug|x86.Build.0 = Debug|Win32
		{2DA60A25-FA5D-4FF4-9436-83B10469249D}.Release|x64.ActiveCfg = Release|x64
		{2DA60A25-FA5D-4FF4-9436-83B10469249D}.Release|x64.Build.0 = Release|x64
		{2DA60A25-FA5D-4FF4-9436-83B10469249D}.Release|x86.ActiveCfg = Release|Win32
		{2DA60A25-FA5D-4FF4-9436-83B10469249D}.Release|x86.Build.0 = Release|Win32
		{D8EE40D9-11CC-48FC-84AB-451BA1B36247}.Debug|x64.ActiveCfg = Debug|x64
		{D8EE40D9-11CC-48FC-84AB-451BA1B36247}.Debug|x64.Build.0 = Debug|x64
		{D8EE40D9-11CC-48FC-84AB-451BA1B36247}.Debug|x86.ActiveCfg = Debug|Win32
		{D8EE40D9-11CC-48FC-84AB-451BA1B36247}.Debug|x86.Build.0 = Debug|Win32
		{D8EE40D9-11CC-48FC-84AB-451BA1B36247}.Release|x64.ActiveCfg = Release|x64
		{D8EE40D9-11CC-48FC-84AB-451BA1B36247}.Release|x64.Build.0 = Release|x64
		{D8EE40D9-11CC-48FC-84AB-451BA1B36247}.Release|x86.ActiveCfg = Release|Win32
		{D8EE40D9-11CC-48FC-84AB-451BA1B36247}.Release|x86.Build.0 = Release|Win32
		{1D79D15B-3035-4434-93DC-6178DE9893D3}.Debug|x64.ActiveCfg = Debug|x64
		{1D79D15B-3035-4434-93DC-6178DE9893D3}.Debug|x64.Build.0 = Debug|x64
		{1D79D15B-3035-4434-93DC-6178DE9893D3}.Debug|x86.ActiveCfg = Debug|Win32
		{1D79D15B-3035-4434-93DC-6178DE9893D3}.Debug|x86.Build.0 = Debug|Win32
		{1D79D15B-3035-4434-93DC-6178DE9893D3}.Release|x64.ActiveCfg = Release|x64
		{1D79D15B-3035-4434-93DC-6178DE9893D3}.Release|x64.Build.0 = Release|x64
		{1D79D15B-3035-4434-93DC-6178DE9893D3}.Release|x86.ActiveCfg = Release|Win32
		{1D79D15B-3035-4434-93DC-6178DE9893D3}.Release|x86.Build.0 = Release|Win32
		{BE70CA8C-7132-4F34-97FA-DD8987E86EB3}.Debug|x64.ActiveCfg = Debug|x64
		{BE70CA8C-7132-4F34-97FA-DD8987E86EB3}.Debug|x64.Build.0 = Debug|x64
		{BE70CA8C-7132-4F34-97FA-DD8987E86EB3}.Debug|x86.ActiveCfg = Debug|Win32
		{BE70CA8C-7132-4F34-97FA-DD8987E86EB3}.Debug|x86.Build.0 = Debug|Win32
		{BE70CA8C-7132-4F34-97FA-DD8987E86EB3}.Release|x64.ActiveCfg = Release|x64
		{BE70CA8C-7132-4F34-97FA-DD8987E86EB3}.Release|x64.Build.0 = Release|x64
		{BE70CA8C-7132-4F34-97FA-DD8987E86EB3}.Release|x86.ActiveCfg = Release|Win32
		{BE70CA8C-7132-4F34-97FA-DD8987E86EB3}.Release|x86.Build.0 = Release|Win32
		{15152193-F4CF-4254-B48D-F96DCA39E227}.Debug|x64.ActiveCfg = Debug|x64
		{15152193-F4CF-4254-B48D-F96DCA39E227}.Debug|x64.Build.0 = Debug|x64
		{15152193-F4CF-4254-B48D-F96DCA39E227}.Debug|x86.ActiveCfg = Debug|Win32
		{15152193-F4CF-4254-B48D-F96DCA39E227}.Debug|x86.Build.0 = Debug|Win32
		{15152193-F4CF-4254-B48D-F96DCA39E227}.Release|x64.ActiveCfg = Release|x64
		{15152193-F4CF-4254-B48D-F96DCA39E227}.Release|x64.Build.0 = Release|x64
		{15152193-F4CF-4254-B48D-F96DCA39E227}.Release|x86.ActiveCfg = Release|Win32
		{15152193-F4CF-4254-B48D-F96DCA39E227}.Release|x86.Build.0 = Release|Win32
		{2980A3B5-290C-4824-9E80-33EFCC54EBD0}.Debug|x64.ActiveCfg = Debug|x64
		{2980A3B5-290C-4824-9E80-33EFCC54EBD0}.Debug|x64.Build.0 = Debug|x64
		{2980A3B5-290C-4824-9E80-33EFCC54EBD0}.Debug|x86.ActiveCfg = Debug|Win32
		{2980A3B5-290C-4824-9E80-33EFCC54EBD0}.Debug|x86.Build.0 = Debug|Win32
		{2980A3B5-290C-4824-9E80-33EFCC54EBD0}.Release|x64.ActiveCfg = Release|x64
		{2980A3B5-290C-4824-9E80-33EFCC54EBD0}.Release|x64.Build.0 = Release|x64
		{2980A3B5-290C-4824-9E80-33EFCC54EBD0}.Release|x86.ActiveCfg = Release|Win32
		{2980A3B5-290C-4824-9E80-33EFCC54EBD0}.Release|x86.Build.0 = Release|Win32
		{F8437ABF-D3EA-4F94-BC50-BF261B820989}.Debug|x64.ActiveCfg = Debug|x64
		{F8437ABF-D3EA-4F94-BC50-BF261B820989}.Debug|x64.Build.0 = Debug|x64
		{F8437ABF-D3EA-4F94-BC50-BF261B820989}.Debug|x86.ActiveCfg = Debug|Win32
		{F8437ABF-D3EA-4F94-BC50-BF261B820989}.Debug|x86.Build.0 = Debug|Win32
		{F8437ABF-D3EA-4F94-BC50-BF261B820989}.Release|x64.ActiveCfg = Release|x64
		{F8437ABF-D3EA-4F94-BC50-BF261B820989}.Release|x64.Build.0 = Release|x64
		{F8437ABF-D3EA-4F94-BC50-BF261B820989}.Release|x86.ActiveCfg = Release|Win32
		{F8437ABF-D3EA-4F94-BC50-BF261B820989}.Release|x86.Build.0 = Release|Win32
		{D1AA6104-7FEE-48B6-AA48-EA2025413364}.Debug|x64.ActiveCfg = Debug|x64
		{D1AA6104-7FEE-48B6-AA48-EA2025413364}.Debug|x64.Build.0 = Debug|x64
		{D1AA6104-7FEE-48B6-AA48-EA2025413364}.Debug|x86.ActiveCfg = Debug|Win32
		{D1AA6104-7FEE-48B6-AA48-EA2025413364}.Debug|x86.Build.0 = Debug|Win32
		{D1AA6104-7FEE-48B6-AA48-EA2025413364}.Release|x64.ActiveCfg = Release|x64
		{D1AA6104-7FEE-48B6-AA48-EA2025413364}.Release|x64.Build.0 = Release|x64
		{D1AA6104-7FEE-48B6-AA48-EA2025413364}.Release|x86.ActiveCfg = Release|Win32
		{D1AA6104-7FEE-48B6-AA48-EA2025413364}.Release|x86.Build.0 = Release|Win32
		{30235001-75B4-4326-A85E-029530420DDC}.Debug|x64.ActiveCfg = Debug|x64
		{30235001-75B4-4326-A85E-029530420DDC}.Debug|x64.Build.0 = Debug|x64
		{30235001-75B4-4326-A85E-029530420DDC}.Debug|x86.ActiveCfg = Debug|Win32
		{30235001-75B4-4326-A85E-029530420DDC}.Debug|x86.Build.0 = Debug|Win32
		{30235001-75B4-4326-A85E-029530420DDC}.Release|x64.ActiveCfg = Release|x64
		{30235001-75B4-4326-A85E-029530420DDC}.Release|x64.Build.0 = Release|x64
		{30235001-75B4-4326-A85E-029530420DDC}.Release|x86.ActiveCfg = Release|Win32
		{30235001-75B4-4326-A85E-029530420DDC}.Release|x86.Build.0 = Release|Win32
		{31C15CA9-BF89-487E-8363-2BF11B59C96C}.Debug|x64.ActiveCfg = Debug|x64
		{31C15CA9-BF89-487E-8363-2BF11B59C96C}.Debug|x64.Build.0 = Debug|x64
		{31C15CA9-BF89-487E-8363-2BF11B59C96C}.Debug|x86.ActiveCfg = Debug|Win32
		{31C15CA9-BF89-487E-8363-2BF11B59C96C}.Debug|x86.Build.0 = Debug|Win32
		{31C15CA9-BF89-487E-8363-2BF11B59C96C}.Release|x64.ActiveCfg = Release|x64
		{31C15CA9-BF89-487E-8363-2BF11B59C96C}.Release|x64.Build.0 = Release|x64
		{31C15CA9-BF89-487E-8363-2BF11B59C96C}.Release|x86.ActiveCfg = Release|Win32
		{31C15CA9-BF89-487E-8363-2BF11B59C96C}.Release|x86.Build.0 = Release|Win32
		{3991F863-19F8-4996-9E6C-B836C55EC6BD}.Debug|x64.ActiveCfg = Debug|x64
		{3991F863-19F8-4996-9E6C-B836C55EC6BD}.Debug|x64.Build.0 = Debug|x64
		{3991F863-19F8-4996-9E6C-B836C55EC6BD}.Debug|x86.ActiveCfg = Debug|Win32
		{3991F863-19F8-4996-9E6C-B836C55EC6BD}.Debug|x86.Build.0 = Debug|Win32
		{3991F863-19F8-4996-9E6C-B836C55EC6BD}.Release|x64.ActiveCfg = Release|x64
		{3991F863-19F8-4996-9E6C-B836C55EC6BD}.Release|x64.Build.0 = Release|x64
		{3991F863-19F8-4996-9E6C-B836C55EC6BD}.Release|x86.ActiveCfg = Release|Win32
		{3991F863-19F8-4996-9E6C-B836C55EC6BD}.Release|x86.Build.0 = Release|Win32
		{8C6DAC04-F87C-4CE5-BD44-D8F9E4178BF8}.Debug|x64.ActiveCfg = Debug|x64
		{8C6DAC04-F87C-4CE5-BD44-D8F9E4178BF8}.Debug|x64.Build.0 = Debug|x64
		{8C6DAC04-F87C-4CE5-BD44-D8F9E4178BF8}.Debug|x86.ActiveCfg = Debug|Win32
		{8C6DAC04-F87C-4CE5-BD44-D8F9E4178BF8}.Debug|x86.Build.0 = Debug|Win32
		{8C6DAC04-F87C-4CE5-BD44-D8F9E4178BF8}.Release|x64.ActiveCfg = Release|x64
		{8C6DAC04-F87C-4CE5-BD44-D8F9E4178BF8}.Release|x64.Build.0 = Release|x64
		{8C6DAC04-F87C-4CE5-BD44-D8F9E4178BF8}.Release|x86.ActiveCfg = Release|Win32
		{8C6DAC04-F87C-4CE5-BD44-D8F9E4178BF8}.Release|x86.Build.0 = Release|Win32
		{72796167-386F-4146-91D6-AA313FEDFE9B}.Debug|x64.ActiveCfg = Debug|x64
		{72796167-386F-4146-91D6-AA313FEDFE9B}.Debug|x64.Build.0 = Debug|x64
		{72796167-386F-4146-91D6-AA313FEDFE9B}.Debug|x86.ActiveCfg = Debug|Win32
		{72796167-386F-4146-91D6-AA313FEDFE9B}.Debug|x86.Build.0 = Debug|Win32
		{72796167-386F-4146-91D6-AA313FEDFE9B}.Release|x64.ActiveCfg = Release|x64
		{72796167-386F-4146-91D6-AA313FEDFE9B}.Release|x64.Build.0 = Release|x64
		{72796167-386F-4146-91D6-AA313FEDFE9B}.Release|x86.ActiveCfg = Release|Win32
		{72796167-386F-4146-91D6-AA313FEDFE9B}.Release|x86.Build.0 = Release|Win32
		{DA33C9B7-791C-43D1-BE36-EBB917E59ECE}.Debug|x64.ActiveCfg = Debug|x64
		{DA33C9B7-791C-43D1-BE36-EBB917E59ECE}.Debug|x64.Build.0 = Debug|x64
		{DA33C9B7-791C-43D1-BE36-EBB917E59ECE}.Debug|x86.ActiveCfg = Debug|Win32
		{DA33C9B7-791C-43D1-BE36-EBB917E59ECE}.Debug|x86.Build.0 = Debug|Win32
		{DA33C9B7-791C-43D1-BE36-EBB917E59ECE}.Release|x64.ActiveCfg = Release|x64
		{DA33C9B7-791C-43D1-BE36-EBB917E59ECE}.Release|x64.Build.0 = Release|x64
		{DA33C9B7-791C-43D1-BE36-EBB917E59ECE}.Release|x86.ActiveCfg = Release|Win32
		{DA33C9B7-791C-43D1-BE36-EBB917E59ECE}.Release|x86.Build.0 = Release|Win32
		{4CB6F123-C62B-487F-8BCA-E9260233EC84}.Debug|x64.ActiveCfg = Debug|x64
		{4CB6F123-C62B-487F-8BCA-E9260233EC84}.Debug|x64.Build.0 = Debug|x64
		{4CB6F123-C62B-487F-8BCA-E9260233EC84}.Debug|x86.ActiveCfg = Debug|Win32
		{4CB6F123-C62B-487F-8BCA-E9260233EC84}.Debug|x86.Build.0 = Debug|Win32
		{4CB6F123-C62B-487F-8BCA-E9260233EC84}.Release|x64.ActiveCfg = Release|x64
		{4CB6F123-C62B-487F-8BCA-E9260233EC84}.Release|x64.Build.0 = Release|x64
		{4CB6F123-C62B-487F-8BCA-E9260233EC84}.Release|x86.ActiveCfg = Release|Win32
		{4CB6F123-C62B-487F-8BCA-E9260233EC84}.Release|x86.Build.0 = Release|Win32
		{7D828887-F405-487E-A20C-E46790C25BA2}.Debug|x64.ActiveCfg = Debug|x64
		{7D828887-F405-487E-A20C-E46790C25BA2}.Debug|x64.Build.0 = Debug|x64
		{7D828887-F405-487E-A20C-E46790C25BA2}.Debug|x86.ActiveCfg = Debug|Win32
		{7D828887-F405-487E-A20C-E46790C25BA2}.Debug|x86.Build.0 = Debug|Win32
		{7D828887-F405-487E-A20C-E46790C25BA2}.Release|x64.ActiveCfg = Release|x64
		{7D828887-F405-487E-A20C-E46790C25BA2}.Release|x64.Build.0 = Release|x64
		{7D828887-F405-487E-A20C-E46790C25BA2}.Release|x86.ActiveCfg = Release|Win32
		{7D828887-F405-487E-A20C-E46790C25BA2}.Release|x86.Build.0 = Release|Win32
		{A6F97737-F67B-4B72-B4A5-42DBBC464866}.Debug|x64.ActiveCfg = Debug|x64
		{A6F97737-F67B-4B72-B4A5-42DBBC464866}.Debug|x64.Build.0 = Debug|x64
		{A6F97737-F67B-4B72-B4A5-42DBBC464866}.Debug|x86.ActiveCfg = Debug|Win32
		{A6F97737-F67B-4B72-B4A5-42DBBC464866}.Debug|x86.Build.0 = Debug|Win32
		{A6F97737-F67B-4B72-B4A5-42DBBC464866}.Release|x64.ActiveCfg = Release|x64
		{A6F97737-F67B-4B72-B4A5-42DBBC464866}.Release|x64.Build.0 = Release|x64
		{A6F97737-F67B-4B72-B4A5-42DBBC464866}.Release|x86.ActiveCfg = Release|Win32
		{A6F97737-F67B-4B72-B4A5-42DBBC464866}.Release|x86.Build.0 = Release|Win32
		{EF6DF5B2-70B8-485A-83D9-22F9FD84F03B}.Debug|x64.ActiveCfg = Debug|x64
		{EF6DF5B2-70B8-485A-83D9-22F9FD84F03B}.Debug|x64.Build.0 = Debug|x64
		{EF6DF5B2-70B8-485A-83D9-22F9FD84F03B}.Debug|x86.ActiveCfg = Debug|Win32
		{EF6DF5B2-70B8-485A-83D9-22F9FD84F03B}.Debug|x86.Build.0 = Debug|Win32
		{EF6DF5B2-70B8-485A-83D9-22F9FD84F03B}.Release|x64.ActiveCfg = Release|x64
		{EF6DF5B2-70B8-485A-83D9-22F9FD84F03B}.Release|x64.Build.0 = Release|x64
		{EF6DF5B2-70B8-485A-83D9-22F9FD84F03B}.Release|x86.ActiveCfg = Release|Win32
		{EF6DF5B2-70B8-485A-83D9-22F9FD84F03B}.Release|x86.Build.0 = Release|Win32
		{4A67FE7A-D0C8-4B3C-9300-C3CB90E98321}.Debug|x64.ActiveCfg = Debug|x64
		{4A67FE7A-D0C8-4B3C-9300-C3CB90E98321}.Debug|x64.Build.0 = Debug|x64
		{4A67FE7A-D0C8-4B3C-9300-C3CB90E98321}.Debug|x86.ActiveCfg = Debug|Win32
		{4A67FE7A-D0C8-4B3C-9300-C3CB90E98321}.Debug|x86.Build.0 = Debug|Win32
		{4A67FE7A-D0C8-4B3C-9300-C3CB90E98321}.Release|x64.ActiveCfg = Release|x64
		{4A67FE7A-D0C8-4B3C-9300-C3CB90E98321}.Release|x64.Build.0 = Release|x64
		{4A67FE7A-D0C8-4B3C-9300-C3CB90E98321}.Release|x86.ActiveCfg = Release|Win32
		{4A67FE7A-D0C8-4B3C-9300-C3CB90E98321}.Release|x86.Build.0 = Release|Win32
		{86BD8DC9-AC49-482B-B927-7A7849AACD67}.Debug|x64.ActiveCfg = Debug|x64
		{86BD8DC9-AC49-482B-B927-7A7849AACD67}.Debug|x64.Build.0 = Debug|x64
		{86BD8DC9-AC49-482B-B927-7A7849AACD67}.Debug|x86.ActiveCfg = Debug|Win32
		{86BD8DC9-AC49-482B-B927-7A7849AACD67}.Debug|x86.Build.0 = Debug|Win32
		{86BD8DC9-AC49-482B-B927-7A7849AACD67}.Release|x64.ActiveCfg = Release|x64
		{86BD8DC9-AC49-482B-B927-7A7849AACD67}.Release|x64.Build.0 = Release|x64
		{86BD8DC9-AC49-482B-B927-7A7849AACD67}.Release|x86.ActiveCfg = Release|Win32
		{86BD8DC9-AC49-482B-B927-7A7849AACD67}.Release|x86.Build.0 = Release|Win32
		{0C89A290-5DAD-4149-A3C8-4AE02405E00A}.Debug|x64.ActiveCfg = Debug|x64
		{0C89A290-5DAD-4149-A3C8-4AE02405E00A}.Debug|x64.Build.0 = Debug|x64
		{0C89A290-5DAD-4149-A3C8-4AE02405E00A}.Debug|x86.ActiveCfg = Debug|Win32
		{0C89A290-5DAD-4149-A3C8-4AE02405E00A}.Debug|x86.Build.0 = Debug|Win32
		{0C89A290-5DAD-4149-A3C8-4AE02405E00A}.Release|x64.ActiveCfg = Release|x64
		{0C89A290-5DAD-4149-A3C8-4AE02405E00A}.Release|x64.Build.0 = Release|x64
		{0C89A290-5DAD-4149-A3C8-4AE02405E00A}.Release|x86.ActiveCfg = Release|Win32
		{0C89A290-5DAD-4149-A3C8-4AE02405E00A}.Release|x86.Build.0 = Release|Win32
		{97FB929F-394A-4C84-A309-E48334958636}.Debug|x64.ActiveCfg = Debug|x64
		{97FB929F-394A-4C84-A309-E48334958636}.Debug|x64.Build.0 = Debug|x64
		{97FB929F-394A-4C84-A309-E48334958636}.Debug|x86.ActiveCfg = Debug|Win32
		{97FB929F-394A-4C84-A309-E48334958636}.Debug|x86.Build.0 = Debug|Win32
		{97FB929F-394A-4C84-A309-E48334958636}.Release|x64.ActiveCfg = Release|x64
		{97FB929F-394A-4C84-A309-E48334958636}.Release|x64.Build.0 = Release|x64
		{97FB929F-394A-4C84-A309-E48334958636}.Release|x86.ActiveCfg = Release|Win32
		{97FB929F-394A-4C84-A309-E48334958636}.Release|x86.Build.0 = Release|Win32
		{F576C71B-61B0-4010-B008-B02604615F54}.Debug|x64.ActiveCfg = Debug|x64
		{F576C71B-61B0-4010-B008-B02604615F54}.Debug|x64.Build.0 = Debug|x64
		{F576C71B-61B0-4010-B008-B02604615F54}.Debug|x86.ActiveCfg = Debug|Win32
		{F576C71B-61B0-4010-B008-B02604615F54}.Debug|x86.Build.0 = Debug|Win32
		{F576C71B-61B0-4010-B008-B02604615F54}.Release|x64.ActiveCfg = Release|x64
		{F576C71B-61B0-4010-B008-B02604615F54}.Release|x64.Build.0 = Release|x64
		{F576C71B-61B0-4010-B008-B02604615F54}.Release|x86.ActiveCfg = Release|Win32
		{F576C71B-61B0-4010-B008-B02604615F54}.Release|x86.Build.0 = Release|Win32
		{BCD59FBC-A875-4550-B28A-B2D08B33AB60}.Debug|x64.ActiveCfg = Debug|x64
		{BCD59FBC-A875-4550-B28A-B2D08B33AB60}.Debug|x64.Build.0 = Debug|x64
		{BCD59FBC-A875-4550-B28A-B2D08B33AB60}.Debug|x86.ActiveCfg = Debug|Win32
		{BCD59FBC-A875-4550-B28A-B2D08B33AB60}.Debug|x86.Build.0 = Debug|Win32
		{BCD59FBC-A875-4550-B28A-B2D08B33AB60}.Release|x64.ActiveCfg = Release|x64
		{BCD59FBC-A875-4550-B28A-B2D08B33AB60}.Release|x64.Build.0 = Release|x64
		{BCD59FBC-A875-4550-B28A-B2D08B33AB60}.Release|x86.ActiveCfg = Release|Win32
		{BCD59FBC-A875-4550-B28A-B2D08B33AB60}.Release|x86.Build.0 = Release|Win32
		{97147B6B-A9B5-4242-B5D8-402569BD033B}.Debug|x64.ActiveCfg = Debug|x64
		{97147B6B-A9B5-4242-B5D8-402569BD033B}.Debug|x64.Build.0 = Debug|x64
		{97147B6B-A9B5-4242-B5D8-402569BD033B}.Debug|x86.ActiveCfg = Debug|Win32
		{97147B6B-A9B5-4242-B5D8-402569BD033B}.Debug|x86.Build.0 = Debug|Win32
		{97147B6B-A9B5-4242-B5D8-402569BD033B}.Release|x64.ActiveCfg = Release|x64
		{97147B6B-A9B5-4242-B5D8-402569BD033B}.Release|x64.Build.0 = Release|x64
		{97147B6B-A9B5-4242-B5D8-402569BD033B}.Release|x86.ActiveCfg = Release|Win32
		{97147B6B-A9B5-4242-B5D8-402569BD033B}.Release|x86.Build.0 = Release|Win32
		{4849F030-B3EA-4C73-A842-889DBEA58C6C}.Debug|x64.ActiveCfg = Debug|x64
		{4849F030-B3EA-4C73-A842-889DBEA58C6C}.Debug|x64.Build.0 = Debug|x64
		{4849F030-B3EA-4C73-A842-889DBEA58C6C}.Debug|x86.ActiveCfg = Debug|Win32
		{4849F030-B3EA-4C73-A842-889DBEA58C6C}.Debug|x86.Build.0 = Debug|Win32
		{4849F030-B3EA-4C73-A842-889DBEA58C6C}.Release|x64.ActiveCfg = Release|x64
		{4849F030-B3EA-4C73-A842-889DBEA58C6C}.Release|x64.Build.0 = Release|x64
		{4849F030-B3EA-4C73-A842-889DBEA58C6C}.Release|x86.ActiveCfg = Release|Win32
		{4849F030-B3EA-4C73-A842-889DBEA58C6C}.Release|x86.Build.0 = Release|Win32
		{F8D106D8-0172-4527-9B5F-636D58592B82}.Debug|x64.ActiveCfg = Debug|x64
		{F8D106D8-0172-4527-9B5F-636D58592B82}.Debug|x64.Build.0 = Debug|x64
		{F8D106D8-0172-4527-9B5F-636D58592B82}.Debug|x86.ActiveCfg = Debug|Win32
		{F8D106D8-0172-4527-9B5F-636D58592B82}.Debug|x86.Build.0 = Debug|Win32
		{F8D106D8-0172-4527-9B5F-636D58592B82}.Release|x64.ActiveCfg = Release|x64
		{F8D106D8-0172-4527-9B5F-636D58592B82}.Release|x64.Build.0 = Release|x64
		{F8D106D8-0172-4527-9B5F-636D58592B82}.Release|x86.ActiveCfg = Release|Win32
		{F8D106D8-0172-4527-9B5F-636D58592B82}.Release|x86.Build.0 = Release|Win32
		{5E3BE71A-60CE-4560-A7C0-0BE446DD85EE}.Debug|x64.ActiveCfg = Debug|x64
		{5E3BE71A-60CE-4560-A7C0-0BE446DD85EE}.Debug|x64.Build.0 = Debug|x64
		{5E3BE71A-60CE-4560-A7C0-0BE446DD85EE}.Debug|x86.ActiveCfg = Debug|Win32
		{5E3BE71A-60CE-4560-A7C0-0BE446DD85EE}.Debug|x86.Build.0 = Debug|Win32
		{5E3BE71A-60CE-4560-A7C0-0BE446DD85EE}.Release|x64.ActiveCfg = Release|x64
		{5E3BE71A-60CE-4560-A7C0-0BE446DD85EE}.Release|x64.Build.0 = Release|x64
		{5E3BE71A-60CE-4560-A7C0-0BE446DD85EE}.Release|x86.ActiveCfg = Release|Win32
		{5E3BE71A-60CE-4560-A7C0-0BE446DD85EE}.Release|x86.Build.0 = Release|Win32
		{9BCC2416-07F8-499F-87A7-B1ABBEFE313B}.Debug|x64.ActiveCfg = Debug|x64
		{9BCC2416-07F8-499F-87A7-B1ABBEFE313B}.Debug|x64.Build.0 = Debug|x64
		{9BCC2416-07F8-499F-87A7-B1ABBEFE313B}.Debug|x86.ActiveCfg = Debug|Win32
		{9BCC2416-07F8-499F-87A7-B1ABBEFE313B}.Debug|x86.Build.0 = Debug|Win32
		{9BCC2416-07F8-499F-87A7-B1ABBEFE313B}.Release|x64.ActiveCfg = Release|x64
		{9BCC2416-07F8-499F-87A7-B1ABBEFE313B}.Release|x64.Build.0 = Release|x64
		{9BCC2416-07F8-499F-87A7-B1ABBEFE313B}.Release|x86.ActiveCfg = Release|Win32
		{9BCC2416-07F8-499F-87A7-B1ABBEFE313B}.Release|x86.Build.0 = Release|Win32
		{F23AAF7E-EC74-4DC7-AC4B-867DFA40A9BC}.Debug|x64.ActiveCfg = Debug|x64
		{F23AAF7E-EC74-4DC7-AC4B-867DFA40A9BC}.Debug|x64.Build.0 = Debug|x64
		{F23AAF7E-EC74-4DC7-AC4B-867DFA40A9BC}.Debug|x86.ActiveCfg = Debug|Win32
		{F23AAF7E-EC74-4DC7-AC4B-867DFA40A9BC}.Debug|x86.Build.0 = Debug|Win32
		{F23AAF7E-EC74-4DC7-AC4B-867DFA40A9BC}.Release|x64.ActiveCfg = Release|x64
		{F23AAF7E-EC74-4DC7-AC4B-867DFA40A9BC}.Release|x64.Build.0 = Release|x64
		{F23AAF7E-EC74-4DC7-AC4B-867DFA40A9BC}.Release|x86.ActiveCfg = Release|Win32
		{F23AAF7E-EC74-4DC7-AC4B-867DFA40A9BC}.Release|x86.Build.0 = Release|Win32
		{A5FC0827-ADE9-4E0D-AA17-EF8EB8BB9E97}.Debug|x64.ActiveCfg = Debug|x64
		{A5FC0827-ADE9-4E0D-AA17-EF8EB8BB9E97}.Debug|x64.Build.0 = Debug|x64
		{A5FC0827-ADE9-4E0D-AA17-EF8EB8BB9E97}.Debug|x86.ActiveCfg = Debug|Win32
		{A5FC0827-ADE9-4E0D-AA17-EF8EB8BB9E97}.Debug|x86.Build.0 = Debug|Win32
		{A5FC0827-ADE9-4E0D-AA17-EF8EB8BB9E97}.Release|x64.ActiveCfg = Release|x64
		{A5FC0827-ADE9-4E0D-AA17-EF8EB8BB9E97}.Release|x64.Build.0 = Release|x64
		{A5FC0827-ADE9-4E0D-AA17-EF8EB8BB9E97}.Release|x86.ActiveCfg = Release|Win32
		{A5FC0827-ADE9-4E0D-AA17-EF8EB8BB9E97}.Release|x86.Build.0 = Release|Win32
		{C82038F9-E68D-42F8-B828-31CCA40883F1}.Debug|x64.ActiveCfg = Debug|x64
		{C82038F9-E68D-42F8-B828-31CCA40883F1}.Debug|x64.Build.0 = Debug|x64
		{C82038F9-E68D-42F8-B828-31CCA40883F1}.Debug|x86.ActiveCfg = Debug|Win32
		{C82038F9-E68D-42F8-B828-31CCA40883F1}.Debug|x86.Build.0 = Debug|Win32
		{C82038F9-E68D-42F8-B828-31CCA40883F1}.Release|x64.ActiveCfg = Release|x64
		{C82038F9-E68D-42F8-B828-31CCA40883F1}.Release|x64.Build.0 = Release|x64
		{C82038F9-E68D-42F8-B828-31CCA40883F1}.Release|x86.ActiveCfg = Release|Win32
		{C82038F9-E68D-42F8-B828-31CCA40883F1}.Release|x86.Build.0 = Release|Win32
		{B4FA008E-B7BE-44F0-A3F1-540E7821E145}.Debug|x64.ActiveCfg = Debug|x64
		{B4FA008E-B7BE-44F0-A3F1-540E7821E145}.Debug|x64.Build.0 = Debug|x64
		{B4FA008E-B7BE-44F0-A3F1-540E7821E145}.Debug|x86.ActiveCfg = Debug|Win32
		{B4FA008E-B7BE-44F0-A3F1-540E7821E145}.Debug|x86.Build.0 = Debug|Win32
		{B4FA008E-B7BE-44F0-A3F1-540E7821E145}.Release|x64.ActiveCfg = Release|x64
		{B4FA008E-B7BE-44F0-A3F1-540E7821E145}.Release|x64.Build.0 = Release|x64
		{B4FA008E-B7BE-44F0-A3F1-540E7821E145}.Release|x86.ActiveCfg = Release|Win32
		{B4FA008E-B7BE-44F0-A3F1-540E7821E145}.Release|x86.Build.0 = Release|Win32
		{49C2B6DC-AF5B-447F-AE3E-7142A2F12343}.Debug|x64.ActiveCfg = Debug|x64
		{49C2B6DC-AF5B-447F-AE3E-7142A2F12343}.Debug|x64.Build.0 = Debug|x64
		{49C2B6DC-AF5B-447F-AE3E-7142A2F12343}.Debug|x86.ActiveCfg = Debug|Win32
		{49C2B6DC-AF5B-447F-AE3E-7142A2F12343}.Debug|x86.Build.0 = Debug|Win32
		{49C2B6DC-AF5B-447F-AE3E-7142A2F12343}.Release|x64.ActiveCfg = Release|x64
		{49C2B6DC-AF5B-447F-AE3E-7142A2F12343}.Release|x64.Build.0 = Release|x64
		{49C2B6DC-AF5B-447F-AE3E-7142A2F12343}.Release|x86.ActiveCfg = Release|Win32
		{49C2B6DC-AF5B-447F-AE3E-7142A2F12343}.Release|x86.Build.0 = Release|Win32
		{2FB1BED9-C832-43CF-BF38-1460F4EBE2A5}.Debug|x64.ActiveCfg = Debug|x64
		{2FB1BED9-C832-43CF-BF38-1460F4EBE2A5}.Debug|x64.Build.0 = Debug|x64
		{2FB1BED9-C832-43CF-BF38-1460F4EBE2A5}.Debug|x86.ActiveCfg = Debug|Win32
		{2FB1BED9-C832-43CF-BF38-1460F4EBE2A5}.Debug|x86.Build.0 = Debug|Win32
		{2FB1BED9-C832-43CF-BF38-1460F4EBE2A5}.Release|x64.ActiveCfg = Release|x64
		{2FB1BED9-C832-43CF-BF38-1460F4EBE2A5}.Release|x64.Build.0 = Release|x64
		{2FB1BED9-C832-43CF-BF38-1460F4EBE2A5}.Release|x86.ActiveCfg = Release|Win32
		{2FB1BED9-C832-43CF-BF38-1460F4EBE2A5}.Release|x86.Build.0 = Release|Win32
		{1B22A3D8-1E66-497D-8397-120C05D1B4B3}.Debug|x64.ActiveCfg = Debug|x64
		{1B22A3D8-1E66-497D-8397-120C05D1B4B3}.Debug|x64.Build.0 = Debug|x64
		{1B22A3D8-1E66-497D-8397-120C05D1B4B3}.Debug|x86.ActiveCfg = Debug|Win32
		{1B22A3D8-1E66-497D-8397-120C05D1B4B3}.Debug|x86.Build.0 = Debug|Win32
		{1B22A3D8-1E66-497D-8397-120C05D1B4B3}.Release|x64.ActiveCfg = Release|x64
		{1B22A3D8-1E66-497D-8397-120C05D1B4B3}.Release|x64.Build.0 = Release|x64
		{1B22A3D8-1E66-497D-8397-120C05D1B4B3}.Release|x86.ActiveCfg = Release|Win32
		{1B22A3D8-1E66-497D-8397-120C05D1B4B3}.Release|x86.Build.0 = Release|Win32
		{D150FC5C-ABF2-456F-AB40-4E27D16EBDFD}.Debug|x64.ActiveCfg = Debug|x64
		{D150FC5C-ABF2-456F-AB40-4E27D16EBDFD}.Debug|x64.Build.0 = Debug|x64
		{D150FC5C-ABF2-456F-AB40-4E27D16EBDFD}.Debug|x86.ActiveCfg = Debug|Win32
		{D150FC5C-ABF2-456F-AB40-4E27D16EBDFD}.Debug|x86.Build.0 = Debug|Win32
		{D150FC5C-ABF2-456F-AB40-4E27D16EBDFD}.Release|x64.ActiveCfg = Release|x64
		{D150FC5C-ABF2-456F-AB40-4E27D16EBDFD}.Release|x64.Build.0 = Release|x64
		{D150FC5C-ABF2-456F-AB40-4E27D16EBDFD}.Release|x86.ActiveCfg = Release|Win32
		{D150FC5C-ABF2-456F-AB40-4E27D16EBDFD}.Release|x86.Build.0 = Release|Win32
		{1B709072-C914-4F9E-A216-834A6BC6F27F}.Debug|x64.ActiveCfg = Debug|x64
		{1B709072-C914-4F9E-A216-834A6BC6F27F}.Debug|x64.Build.0 = Debug|x64
		{1B709072-C914-4F9E-A216-834A6BC6F27F}.Debug|x86.ActiveCfg = Debug|Win32
		{1B709072-C914-4F9E-A216-834A6BC6F27F}.Debug|x86.Build.0 = Debug|Win32
		{1B709072-C914-4F9E-A216-834A6BC6F27F}.Release|x64.ActiveCfg = Release|x64
		{1B709072-C914-4F9E-A216-834A6BC6F27F}.Release|x64.Build.0 = Release|x64
		{1B709072-C914-4F9E-A216-834A6BC6F27F}.Release|x86.ActiveCfg = Release|Win32
		{1B709072-C914-4F9E-A216-834A6BC6F27F}.Release|x86.Build.0 = Release|Win32
		{FE3DA03C-611B-4870-BD6A-71E2EAF9D942}.Debug|x64.ActiveCfg = Debug|x64
		{FE3DA03C-611B-4870-BD6A-71E2EAF9D942}.Debug|x64.Build.0 = Debug|x64
		{FE3DA03C-611B-4870-BD6A-71E2EAF9D942}.Debug|x86.ActiveCfg = Debug|Win32
		{FE3DA03C-611B-4870-BD6A-71E2EAF9D942}.Debug|x86.Build.0 = Debug|Win32
		{FE3DA03C-611B-4870-BD6A-71E2EAF9D942}.Release|x64.ActiveCfg = Release|x64
		{FE3DA03C-611B-4870-BD6A-71E2EAF9D942}.Release|x64.Build.0 = Release|x64
		{FE3DA03C-611B-4870-BD6A-71E2EAF9D942}.Release|x86.ActiveCfg = Release|Win32
		{FE3DA03C-611B-4870-BD6A-71E2EAF9D942}.Release|x86.Build.0 = Release|Win32
		{318FA5A7-1169-4552-AB97-C9AA327C7A6A}.Debug|x64.ActiveCfg = Debug|x64
		{318FA5A7-1169-4552-AB97-C9AA327C7A6A}.Debug|x64.Build.0 = Debug|x64
		{318FA5A7-1169-4552-AB97-C9AA327C7A6A}.Debug|x86.ActiveCfg = Debug|Win32
		{318FA5A7-1169-4552-AB97-C9AA327C7A6A}.Debug|x86.Build.0 = Debug|Win32
		{318FA5A7-1169-4552-AB97-C9AA327C7A6A}.Release|x64.ActiveCfg = Release|x64
		{318FA5A7-1169-4552-AB97-C9AA327C7A6A}.Release|x64.Build.0 = Release|x64
		{318FA5A7-1169-4552-AB97-C9AA327C7A6A}.Release|x86.ActiveCfg = Release|Win32
		{318FA5A7-1169-4552-AB97-C9AA327C7A6A}.Release|x86.Build.0 = Release|Win32
		{6ADC2EF4-9739-44C4-A12D-B92943BB3EFF}.Debug|x64.ActiveCfg = Debug|x64
		{6ADC2EF4-9739-44C4-A12D-B92943BB3EFF}.Debug|x64.Build.0 = Debug|x64
		{6ADC2EF4-9739-44C4-A12D-B92943BB3EFF}.Debug|x86.ActiveCfg = Debug|Win32
		{6ADC2EF4-9739-44C4-A12D-B92943BB3EFF}.Debug|x86.Build.0 = Debug|Win32
		{6ADC2EF4-9739-44C4-A12D-B92943BB3EFF}.Release|x64.ActiveCfg = Release|x64
		{6ADC2EF4-9739-44C4-A12D-B92943BB3EFF}.Release|x64.Build.0 = Release|x64
		{6ADC2EF4-9739-44C4-A12D-B92943BB3EFF}.Release|x86.ActiveCfg = Release|Win32
		{6ADC2EF4-9739-44C4-A12D-B92943BB3EFF}.Release|x86.Build.0 = Release|Win32
		{3A8A3FCB-F81E-426F-A8A6-74E55980D7B6}.Debug|x64.ActiveCfg = Debug|x64
		{3A8A3FCB-F81E-426F-A8A6-74E55980D7B6}.Debug|x64.Build.0 = Debug|x64
		{3A8A3FCB-F81E-426F-A8A6-74E55980D7B6}.Debug|x86.ActiveCfg = Debug|Win32
		{3A8A3FCB-F81E-426F-A8A6-74E55980D7B6}.Debug|x86.Build.0 = Debug|Win32
		{3A8A3FCB-F81E-426F-A8A6-74E55980D7B6}.Release|x64.ActiveCfg = Release|x64
		{3A8A3FCB-F81E-426F-A8A6-74E55980D7B6}.Release|x64.Build.0 = Release|x64
		{3A8A3FCB-F81E-426F-A8A6-74E55980D7B6}.Release|x86.ActiveCfg = Release|Win32
		{3A8A3FCB-F81E-426F-A8A6-74E55980D7B6}.Release|x86.Build.0 = Release|Win32
		{70F22224-2191-4728-AD33-71571EEC53BA}.Debug|x64.ActiveCfg = Debug|x64
		{70F22224-2191-4728-AD33-71571EEC53BA}.Debug|x64.Build.0 = Debug|x64
		{70F22224-2191-4728-AD33-71571EEC53BA}.Debug|x86.ActiveCfg = Debug|Win32
		{70F22224-2191-4728-AD33-71571EEC53BA}.Debug|x86.Build.0 = Debug|Win32
		{70F22224-2191-4728-AD33-71571EEC53BA}.Release|x64.ActiveCfg = Release|x64
		{70F22224-2191-4728-AD33-71571EEC53BA}.Release|x64.Build.0 = Release|x64
		{70F22224-2191-4728-AD33-71571EEC53BA}.Release|x86.ActiveCfg = Release|Win32
		{70F22224-2191-4728-AD33-71571EEC53BA}.Release|x86.Build.0 = Release|Win32
		{2DFFBD4B-03E3-479E-8217-706304F54059}.Debug|x64.ActiveCfg = Debug|x64
		{2DFFBD4B-03E3-479E-8217-706304F54059}.Debug|x64.Build.0 = Debug|x64
		{2DFFBD4B-03E3-479E-8217-706304F54059}.Debug|x86.ActiveCfg = Debug|Win32
		{2DFFBD4B-03E3-479E-8217-706304F54059}.Debug|x86.Build.0 = Debug|Win32
		{2DFFBD4B-03E3-479E-8217-706304F54059}.Release|x64.ActiveCfg = Release|x64
		{2DFFBD4B-03E3-479E-8217-706304F54059}.Release|x64.Build.0 = Release|x64
		{2DFFBD4B-03E3-479E-8217-706304F54059}.Release|x86.ActiveCfg = Release|Win32
		{2DFFBD4B-03E3-479E-8217-706304F54059}.Release|x86.Build.0 = Release|Win32
		{CD4FDDA3-4CF4-45D9-8E36-1B6266B2A986}.Debug|x64.ActiveCfg = Debug|x64
		{CD4FDDA3-4CF4-45D9-8E36-1B6266B2A986}.Debug|x64.Build.0 = Debug|x64
		{CD4FDDA3-4CF4-45D9-8E36-1B6266B2A986}.Debug|x86.ActiveCfg = Debug|Win32
		{CD4FDDA3-4CF4-45D9-8E36-1B6266B2A986}.Debug|x86.Build.0 = Debug|Win32
		{CD4FDDA3-4CF4-45D9-8E36-1B6266B2A986}.Release|x64.ActiveCfg = Release|x64
		{CD4FDDA3-4CF4-45D9-8E36-1B6266B2A986}.Release|x64.Build.0 = Release|x64
		{CD4FDDA3-4CF4-45D9-8E36-1B6266B2A986}.Release|x86.ActiveCfg = Release|Win32
		{CD4FDDA3-4CF4-45D9-8E36-1B6266B2A986}.Release|x86.Build.0 = Release|Win32
		{50F2B64B-3ABB-44A2-AD4A-ECC488D38714}.Debug|x64.ActiveCfg = Debug|x64
		{50F2B64B-3ABB-44A2-AD4A-ECC488D38714}.Debug|x64.Build.0 = Debug|x64
		{50F2B64B-3ABB-44A2-AD4A-ECC488D38714}.Debug|x86.ActiveCfg = Debug|Win32
		{50F2B64B-3ABB-44A2-AD4A-ECC488D38714}.Debug|x86.Build.0 = Debug|Win32
		{50F2B64B-3ABB-44A2-AD4A-ECC488D38714}.Release|x64.ActiveCfg = Release|x64
		{50F2B64B-3ABB-44A2-AD4A-ECC488D38714}.Release|x64.Build.0 = Release|x64
		{50F2B64B-3ABB-44A2-AD4A-ECC488D38714}.Release|x86.ActiveCfg = Release|Win32
		{50F2B64B-3ABB-44A2-AD4A-ECC488D38714}.Release|x86.Build.0 = Release|Win32
		{CC58FB8C-3F1D-472C-9379-1E20EE8AD94E}.Debug|x64.ActiveCfg = Debug|x64
		{CC58FB8C-3F1D-472C-9379-1E20EE8AD94E}.Debug|x64.Build.0 = Debug|x64
		{CC58FB8C-3F1D-472C-9379-1E20EE8AD94E}.Debug|x86.ActiveCfg = Debug|Win32
		{CC58FB8C-3F1D-472C-9379-1E20EE8AD94E}.Debug|x86.Build.0 = Debug|Win32
		{CC58FB8C-3F1D-472C-9379-1E20EE8AD94E}.Release|x64.ActiveCfg = Release|x64
		{CC58FB8C-3F1D-472C-9379-1E20EE8AD94E}.Release|x64.Build.0 = Release|x64
		{CC58FB8C-3F1D-472C-9379-1E20EE8AD94E}.Release|x86.ActiveCfg = Release|Win32
		{CC58FB8C-3F1D-472C-9379-1E20EE8AD94E}.Release|x86.Build.0 = Release|Win32
		{19C61067-7706-40E1-8086-6A87F5E6D638}.Debug|x64.ActiveCfg = Debug|x64
		{19C61067-7706-40E1-8086-6A87F5E6D638}.Debug|x64.Build.0 = Debug|x64
		{19C61067-7706-40E1-8086-6A87F5E6D638}.Debug|x86.ActiveCfg = Debug|Win32
		{19C61067-7706-40E1-8086-6A87F5E6D638}.Debug|x86.Build.0 = Debug|Win32
		{19C61067-7706-40E1-8086-6A87F5E6D638}.Release|x64.ActiveCfg = Release|x64
		{19C61067-7706-40E1-8086-6A87F5E6D638}.Release|x64.Build.0 = Release|x64
		{19C61067-7706-40E1-8086-6A87F5E6D638}.Release|x86.ActiveCfg = Release|Win32
		{19C61067-7706-40E1-8086-6A87F5E6D638}.Release|x86.Build.0 = Release|Win32
		{13C4C847-7187-4E58-8119-75B96764A64E}.Debug|x64.ActiveCfg = Debug|x64
		{13C4C847-7187-4E58-8119-75B96764A64E}.Debug|x64.Build.0 = Debug|x64
		{13C4C847-7187-4E58-8119-75B96764A64E}.Debug|x86.ActiveCfg = Debug|Win32
		{13C4C847-7187-4E58-8119-75B96764A64E}.Debug|x86.Build.0 = Debug|Win32
		{13C4C847-7187-4E58-8119-75B96764A64E}.Release|x64.ActiveCfg = Release|x64
		{13C4C847-7187-4E58-8119-75B96764A64E}.Release|x64.Build.0 = Release|x64
		{13C4C847-7187-4E58-8119-75B96764A64E}.Release|x86.ActiveCfg = Release|Win32
		{13C4C847-7187-4E58-8119-75B96764A64E}.Release|x86.Build.0 = Release|Win32
		{DD4F5F07-7CBC-41EE-B330-0BAE37C95579}.Debug|x64.ActiveCfg = Debug|x64
		{DD4F5F07-7CBC-41EE-B330-0BAE37C95579}.Debug|x64.Build.0 = Debug|x64
		{DD4F5F07-7CBC-41EE-B330-0BAE37C95579}.Debug|x86.ActiveCfg = Debug|Win32
		{DD4F5F07-7CBC-41EE-B330-0BAE37C95579}.Debug|x86.Build.0 = Debug|Win32
		{DD4F5F07-7CBC-41EE-B330-0BAE37C95579}.Release|x64.ActiveCfg = Release|x64
		{DD4F5F07-7CBC-41EE-B330-0BAE37C95579}.Release|x64.Build.0 = Release|x64
		{DD4F5F07-7CBC-41EE-B330-0BAE37C95579}.Release|x86.ActiveCfg = Release|Win32
		{DD4F5F07-7CBC-41EE-B330-0BAE37C95579}.Release|x86.Build.0 = Release|Win32
		{58686F34-3F6B-44ED-9327-F89A583C2FE0}.Debug|x64.ActiveCfg = Debug|x64
		{58686F34-3F6B-44ED-9327-F89A583C2FE0}.Debug|x64.Build.0 = Debug|x64
		{58686F34-3F6B-44ED-9327-F89A583C2FE0}.Debug|x86.ActiveCfg = Debug|Win32
		{58686F34-3F6B-44ED-9327-F89A583C2FE0}.Debug|x86.Build.0 = Debug|Win32
		{58686F34-3F6B-44ED-9327-F89A583C2FE0}.Release|x64.ActiveCfg = Release|x64
		{58686F34-3F6B-44ED-9327-F89A583C2FE0}.Release|x64.Build.0 = Release|x64
		{58686F34-3F6B-44ED-9327-F89A583C2FE0}.Release|x86.ActiveCfg = Release|Win32
		{58686F34-3F6B-44ED-9327-F89A583C2FE0}.Release|x86.Build.0 = Release|Win32
		{14A54BBB-9561-48AF-9890-3291C8C2040E}.Debug|x64.ActiveCfg = Debug|x64
		{14A54BBB-9561-48AF-9890-3291C8C2040E}.Debug|x64.Build.0 = Debug|x64
		{14A54BBB-9561-48AF-9890-3291C8C2040E}.Debug|x86.ActiveCfg = Debug|Win32
		{14A54BBB-9561-48AF-9890-3291C8C2040E}.Debug|x86.Build.0 = Debug|Win32
		{14A54BBB-9561-48AF-9890-3291C8C2040E}.Release|x64.ActiveCfg = Release|x64
		{14A54BBB-9561-48AF-9890-3291C8C2040E}.Release|x64.Build.0 = Release|x64
		{14A54BBB-9561-48AF-9890-3291C8C2040E}.Release|x86.ActiveCfg = Release|Win32
		{14A54BBB-9561-48AF-9890-3291C8C2040E}.Release|x86.Build.0 = Release|Win32
		{394C0A8C-62FF-4434-8189-BC4E441121A7}.Debug|x64.ActiveCfg = Debug|x64
		{394C0A8C-62FF-4434-8189-BC4E441121A7}.Debug|x64.Build.0 = Debug|x64
		{394C0A8C-62FF-4434-8189-BC4E441121A7}.Debug|x86.ActiveCfg = Debug|Win32
		{394C0A8C-62FF-4434-8189-BC4E441121A7}.Debug|x86.Build.0 = Debug|Win32
		{394C0A8C-62FF-4434-8189-BC4E441121A7}.Release|x64.ActiveCfg = Release|x64
		{394C0A8C-62FF-4434-8189-BC4E441121A7}.Release|x64.Build.0 = Release|x64
		{394C0A8C-62FF-4434-8189-BC4E441121A7}.Release|x86.ActiveCfg = Release|Win32
		{394C0A8C-62FF-4434-8189-BC4E441121A7}.Release|x86.Build.0 = Release|Win32
	EndGlobalSection
	GlobalSection(SolutionProperties) = preSolution
		HideSolutionNode = FALSE
	EndGlobalSection
	GlobalSection(ExtensibilityGlobals) = postSolution
		SolutionGuid = {F126D5CA-159B-4E37-B490-972D80C639E3}
	EndGlobalSection
EndGlobal
